PODS:
  - SHBarButtonItemBlocks (1.0.0)
  - SHObjectUserInfo (1.0.0)
  - SHSegueBlocks (1.1.1):
    - SHObjectUserInfo (~> 1.0.0)

DEPENDENCIES:
  - SHBarButtonItemBlocks (from `../`)
  - SHSegueBlocks

EXTERNAL SOURCES:
  SHBarButtonItemBlocks:
    :path: ../

SPEC CHECKSUMS:
  SHBarButtonItemBlocks: 246b4aa50ceeb7d99a855ede99dd00fd95d85e0d
  SHObjectUserInfo: 46ec0f0d5131abff9fabdba55f4a3d012de3c646
  SHSegueBlocks: 6bcadca3c10a916a0047b7123fa035e38f40cf34

COCOAPODS: 0.21.0
