PODS:
  - KIF (3.2.0):
    - KIF/XCTest (= 3.2.0)
  - KIF/XCTest (3.2.0)
  - SHActionSheetBlocks (2.3.1)
  - SHTestCaseAdditions (1.4.1):
    - SHTestCaseAdditions/XCTest (= 1.4.1)
  - SHTestCaseAdditions/XCTest (1.4.1)

DEPENDENCIES:
  - KIF
  - SHActionSheetBlocks (from `../`)
  - SHTestCaseAdditions

EXTERNAL SOURCES:
  SHActionSheetBlocks:
    :path: ../

SPEC CHECKSUMS:
  KIF: 6f94a23566fd05b809f5d3bc5231a965b51121b9
  SHActionSheetBlocks: 2747531b3438c3382b9df7b6cff5ba11428c6398
  SHTestCaseAdditions: c01c53ebb97807abcfd7a9fcad477fafc50f56c0

COCOAPODS: 0.36.0
