<?xml version="1.0" encoding="UTF-8"?>
<!DOCTYPE plist PUBLIC "-//Apple//DTD PLIST 1.0//EN" "http://www.apple.com/DTDs/PropertyList-1.0.dtd">
<plist version="1.0">
<dict>
	<key>archiveVersion</key>
	<string>1</string>
	<key>classes</key>
	<dict/>
	<key>objectVersion</key>
	<string>46</string>
	<key>objects</key>
	<dict>
		<key>0D20F2B298A14AB99D5D52BE</key>
		<dict>
			<key>fileRef</key>
			<string>FDAFF34EF0D8433BB37C06EB</string>
			<key>isa</key>
			<string>PBXBuildFile</string>
		</dict>
		<key>107CDB3332CF4A5BA1D4431E</key>
		<dict>
			<key>explicitFileType</key>
			<string>archive.ar</string>
			<key>includeInIndex</key>
			<string>0</string>
			<key>isa</key>
			<string>PBXFileReference</string>
			<key>path</key>
			<string>libPods-LibraryTests.a</string>
			<key>sourceTree</key>
			<string>BUILT_PRODUCTS_DIR</string>
		</dict>
		<key>18D2134F98F14C11B6D1FDB8</key>
		<dict>
			<key>includeInIndex</key>
			<string>1</string>
			<key>isa</key>
			<string>PBXFileReference</string>
			<key>lastKnownFileType</key>
			<string>text.xcconfig</string>
			<key>name</key>
			<string>Pods.xcconfig</string>
			<key>path</key>
			<string>Pods/Pods.xcconfig</string>
			<key>sourceTree</key>
			<string>&lt;group&gt;</string>
		</dict>
		<key>22992B95185F5A83002E6E76</key>
		<dict>
			<key>containerPortal</key>
			<string>229FA450185DFD6200483903</string>
			<key>isa</key>
			<string>PBXContainerItemProxy</string>
			<key>proxyType</key>
			<string>1</string>
			<key>remoteGlobalIDString</key>
			<string>229FA4A5185DFEC600483903</string>
			<key>remoteInfo</key>
			<string>Library</string>
		</dict>
		<key>22992B96185F5A83002E6E76</key>
		<dict>
			<key>isa</key>
			<string>PBXTargetDependency</string>
			<key>target</key>
			<string>229FA4A5185DFEC600483903</string>
			<key>targetProxy</key>
			<string>22992B95185F5A83002E6E76</string>
		</dict>
		<key>22992B97185F5AB3002E6E76</key>
		<dict>
			<key>fileEncoding</key>
			<string>4</string>
			<key>isa</key>
			<string>PBXFileReference</string>
			<key>lastKnownFileType</key>
			<string>sourcecode.c.objc</string>
			<key>path</key>
			<string>SHActionSheetBlocksCallbacks.m</string>
			<key>sourceTree</key>
			<string>&lt;group&gt;</string>
		</dict>
		<key>22992B98185F5AB3002E6E76</key>
		<dict>
			<key>fileEncoding</key>
			<string>4</string>
			<key>isa</key>
			<string>PBXFileReference</string>
			<key>lastKnownFileType</key>
			<string>sourcecode.c.objc</string>
			<key>path</key>
			<string>SHActionSheetBlocksCallbacksIntegration.m</string>
			<key>sourceTree</key>
			<string>&lt;group&gt;</string>
		</dict>
		<key>22992B99185F5AB3002E6E76</key>
		<dict>
			<key>fileEncoding</key>
			<string>4</string>
			<key>isa</key>
			<string>PBXFileReference</string>
			<key>lastKnownFileType</key>
			<string>sourcecode.c.objc</string>
			<key>path</key>
			<string>SHActionSheetBlocksOldTests.m</string>
			<key>sourceTree</key>
			<string>&lt;group&gt;</string>
		</dict>
		<key>22992B9A185F5AB3002E6E76</key>
		<dict>
			<key>fileEncoding</key>
			<string>4</string>
			<key>isa</key>
			<string>PBXFileReference</string>
			<key>lastKnownFileType</key>
			<string>sourcecode.c.objc</string>
			<key>path</key>
			<string>SHActionSheetBlocksSelectors.m</string>
			<key>sourceTree</key>
			<string>&lt;group&gt;</string>
		</dict>
		<key>22992B9B185F5AB3002E6E76</key>
		<dict>
			<key>fileEncoding</key>
			<string>4</string>
			<key>isa</key>
			<string>PBXFileReference</string>
			<key>lastKnownFileType</key>
			<string>sourcecode.c.h</string>
			<key>path</key>
			<string>SHActionSheetBlocksSuper.h</string>
			<key>sourceTree</key>
			<string>&lt;group&gt;</string>
		</dict>
		<key>22992B9C185F5AB3002E6E76</key>
		<dict>
			<key>fileEncoding</key>
			<string>4</string>
			<key>isa</key>
			<string>PBXFileReference</string>
			<key>lastKnownFileType</key>
			<string>sourcecode.c.objc</string>
			<key>path</key>
			<string>SHActionSheetBlocksSuper.m</string>
			<key>sourceTree</key>
			<string>&lt;group&gt;</string>
		</dict>
		<key>22992B9D185F5AB3002E6E76</key>
		<dict>
			<key>fileRef</key>
			<string>22992B97185F5AB3002E6E76</string>
			<key>isa</key>
			<string>PBXBuildFile</string>
		</dict>
		<key>22992B9E185F5AB3002E6E76</key>
		<dict>
			<key>fileRef</key>
			<string>22992B98185F5AB3002E6E76</string>
			<key>isa</key>
			<string>PBXBuildFile</string>
		</dict>
		<key>22992B9F185F5AB3002E6E76</key>
		<dict>
			<key>fileRef</key>
			<string>22992B99185F5AB3002E6E76</string>
			<key>isa</key>
			<string>PBXBuildFile</string>
		</dict>
		<key>22992BA0185F5AB3002E6E76</key>
		<dict>
			<key>fileRef</key>
			<string>22992B9A185F5AB3002E6E76</string>
			<key>isa</key>
			<string>PBXBuildFile</string>
		</dict>
		<key>22992BA1185F5AB3002E6E76</key>
		<dict>
			<key>fileRef</key>
			<string>22992B9C185F5AB3002E6E76</string>
			<key>isa</key>
			<string>PBXBuildFile</string>
		</dict>
		<key>229FA44F185DFD6200483903</key>
		<dict>
			<key>children</key>
			<array>
				<string>229FA461185DFD6200483903</string>
				<string>229FA4AA185DFEC600483903</string>
				<string>229FA4C2185DFEC600483903</string>
				<string>229FA45A185DFD6200483903</string>
				<string>229FA459185DFD6200483903</string>
				<string>18D2134F98F14C11B6D1FDB8</string>
				<string>7B5FA905F3994B099A391047</string>
				<string>322EBA924E584B01A2B29ACF</string>
			</array>
			<key>isa</key>
			<string>PBXGroup</string>
			<key>sourceTree</key>
			<string>&lt;group&gt;</string>
		</dict>
		<key>229FA450185DFD6200483903</key>
		<dict>
			<key>attributes</key>
			<dict>
				<key>CLASSPREFIX</key>
				<string>SH</string>
				<key>LastUpgradeCheck</key>
				<string>0500</string>
				<key>ORGANIZATIONNAME</key>
				<string>Seivan</string>
				<key>TargetAttributes</key>
				<dict>
					<key>229FA4BB185DFEC600483903</key>
					<dict>
						<key>TestTargetID</key>
						<string>229FA4A5185DFEC600483903</string>
					</dict>
				</dict>
			</dict>
			<key>buildConfigurationList</key>
			<string>229FA453185DFD6200483903</string>
			<key>compatibilityVersion</key>
			<string>Xcode 3.2</string>
			<key>developmentRegion</key>
			<string>English</string>
			<key>hasScannedForEncodings</key>
			<string>0</string>
			<key>isa</key>
			<string>PBXProject</string>
			<key>knownRegions</key>
			<array>
				<string>en</string>
				<string>Base</string>
			</array>
			<key>mainGroup</key>
			<string>229FA44F185DFD6200483903</string>
			<key>productRefGroup</key>
			<string>229FA459185DFD6200483903</string>
			<key>projectDirPath</key>
			<string></string>
			<key>projectReferences</key>
			<array/>
			<key>projectRoot</key>
			<string></string>
			<key>targets</key>
			<array>
				<string>229FA457185DFD6200483903</string>
				<string>229FA4A5185DFEC600483903</string>
				<string>229FA4BB185DFEC600483903</string>
			</array>
		</dict>
		<key>229FA453185DFD6200483903</key>
		<dict>
			<key>buildConfigurations</key>
			<array>
				<string>229FA488185DFD6200483903</string>
				<string>229FA489185DFD6200483903</string>
			</array>
			<key>defaultConfigurationIsVisible</key>
			<string>0</string>
			<key>defaultConfigurationName</key>
			<string>Release</string>
			<key>isa</key>
			<string>XCConfigurationList</string>
		</dict>
		<key>229FA454185DFD6200483903</key>
		<dict>
			<key>buildActionMask</key>
			<string>2147483647</string>
			<key>files</key>
			<array>
				<string>229FA468185DFD6200483903</string>
				<string>229FA472185DFD6200483903</string>
				<string>229FA46C185DFD6200483903</string>
			</array>
			<key>isa</key>
			<string>PBXSourcesBuildPhase</string>
			<key>runOnlyForDeploymentPostprocessing</key>
			<string>0</string>
		</dict>
		<key>229FA455185DFD6200483903</key>
		<dict>
			<key>buildActionMask</key>
			<string>2147483647</string>
			<key>files</key>
			<array>
				<string>229FA45E185DFD6200483903</string>
				<string>229FA460185DFD6200483903</string>
				<string>229FA45C185DFD6200483903</string>
				<string>7E4568FB8B5E48EDA89B9051</string>
				<string>0D20F2B298A14AB99D5D52BE</string>
			</array>
			<key>isa</key>
			<string>PBXFrameworksBuildPhase</string>
			<key>runOnlyForDeploymentPostprocessing</key>
			<string>0</string>
		</dict>
		<key>229FA456185DFD6200483903</key>
		<dict>
			<key>buildActionMask</key>
			<string>2147483647</string>
			<key>files</key>
			<array>
				<string>229FA474185DFD6200483903</string>
				<string>229FA466185DFD6200483903</string>
				<string>229FA46F185DFD6200483903</string>
			</array>
			<key>isa</key>
			<string>PBXResourcesBuildPhase</string>
			<key>runOnlyForDeploymentPostprocessing</key>
			<string>0</string>
		</dict>
		<key>229FA457185DFD6200483903</key>
		<dict>
			<key>buildConfigurationList</key>
			<string>229FA48A185DFD6200483903</string>
			<key>buildPhases</key>
			<array>
				<string>E80C0DC47BE9444B97A7A5EE</string>
				<string>229FA454185DFD6200483903</string>
				<string>229FA455185DFD6200483903</string>
				<string>229FA456185DFD6200483903</string>
				<string>C427D6D134834AB493BEC6CB</string>
			</array>
			<key>buildRules</key>
			<array/>
			<key>dependencies</key>
			<array/>
			<key>isa</key>
			<string>PBXNativeTarget</string>
			<key>name</key>
			<string>Sample</string>
			<key>productName</key>
			<string>Sample</string>
			<key>productReference</key>
			<string>229FA458185DFD6200483903</string>
			<key>productType</key>
			<string>com.apple.product-type.application</string>
		</dict>
		<key>229FA458185DFD6200483903</key>
		<dict>
			<key>explicitFileType</key>
			<string>wrapper.application</string>
			<key>includeInIndex</key>
			<string>0</string>
			<key>isa</key>
			<string>PBXFileReference</string>
			<key>path</key>
			<string>Sample.app</string>
			<key>sourceTree</key>
			<string>BUILT_PRODUCTS_DIR</string>
		</dict>
		<key>229FA459185DFD6200483903</key>
		<dict>
			<key>children</key>
			<array>
				<string>229FA458185DFD6200483903</string>
				<string>229FA4A6185DFEC600483903</string>
				<string>229FA4BC185DFEC600483903</string>
			</array>
			<key>isa</key>
			<string>PBXGroup</string>
			<key>name</key>
			<string>Products</string>
			<key>sourceTree</key>
			<string>&lt;group&gt;</string>
		</dict>
		<key>229FA45A185DFD6200483903</key>
		<dict>
			<key>children</key>
			<array>
				<string>229FA45B185DFD6200483903</string>
				<string>229FA45D185DFD6200483903</string>
				<string>229FA45F185DFD6200483903</string>
				<string>229FA47A185DFD6200483903</string>
				<string>A035CE7E16DC4EE5BA41867D</string>
				<string>107CDB3332CF4A5BA1D4431E</string>
				<string>FDAFF34EF0D8433BB37C06EB</string>
			</array>
			<key>isa</key>
			<string>PBXGroup</string>
			<key>name</key>
			<string>Frameworks</string>
			<key>sourceTree</key>
			<string>&lt;group&gt;</string>
		</dict>
		<key>229FA45B185DFD6200483903</key>
		<dict>
			<key>isa</key>
			<string>PBXFileReference</string>
			<key>lastKnownFileType</key>
			<string>wrapper.framework</string>
			<key>name</key>
			<string>Foundation.framework</string>
			<key>path</key>
			<string>System/Library/Frameworks/Foundation.framework</string>
			<key>sourceTree</key>
			<string>SDKROOT</string>
		</dict>
		<key>229FA45C185DFD6200483903</key>
		<dict>
			<key>fileRef</key>
			<string>229FA45B185DFD6200483903</string>
			<key>isa</key>
			<string>PBXBuildFile</string>
		</dict>
		<key>229FA45D185DFD6200483903</key>
		<dict>
			<key>isa</key>
			<string>PBXFileReference</string>
			<key>lastKnownFileType</key>
			<string>wrapper.framework</string>
			<key>name</key>
			<string>CoreGraphics.framework</string>
			<key>path</key>
			<string>System/Library/Frameworks/CoreGraphics.framework</string>
			<key>sourceTree</key>
			<string>SDKROOT</string>
		</dict>
		<key>229FA45E185DFD6200483903</key>
		<dict>
			<key>fileRef</key>
			<string>229FA45D185DFD6200483903</string>
			<key>isa</key>
			<string>PBXBuildFile</string>
		</dict>
		<key>229FA45F185DFD6200483903</key>
		<dict>
			<key>isa</key>
			<string>PBXFileReference</string>
			<key>lastKnownFileType</key>
			<string>wrapper.framework</string>
			<key>name</key>
			<string>UIKit.framework</string>
			<key>path</key>
			<string>System/Library/Frameworks/UIKit.framework</string>
			<key>sourceTree</key>
			<string>SDKROOT</string>
		</dict>
		<key>229FA460185DFD6200483903</key>
		<dict>
			<key>fileRef</key>
			<string>229FA45F185DFD6200483903</string>
			<key>isa</key>
			<string>PBXBuildFile</string>
		</dict>
		<key>229FA461185DFD6200483903</key>
		<dict>
			<key>children</key>
			<array>
				<string>229FA46A185DFD6200483903</string>
				<string>229FA46B185DFD6200483903</string>
				<string>229FA46D185DFD6200483903</string>
				<string>229FA470185DFD6200483903</string>
				<string>229FA471185DFD6200483903</string>
				<string>229FA473185DFD6200483903</string>
				<string>229FA462185DFD6200483903</string>
			</array>
			<key>isa</key>
			<string>PBXGroup</string>
			<key>path</key>
			<string>Sample</string>
			<key>sourceTree</key>
			<string>&lt;group&gt;</string>
		</dict>
		<key>229FA462185DFD6200483903</key>
		<dict>
			<key>children</key>
			<array>
				<string>229FA463185DFD6200483903</string>
				<string>229FA464185DFD6200483903</string>
				<string>229FA467185DFD6200483903</string>
				<string>229FA469185DFD6200483903</string>
			</array>
			<key>isa</key>
			<string>PBXGroup</string>
			<key>name</key>
			<string>Supporting Files</string>
			<key>sourceTree</key>
			<string>&lt;group&gt;</string>
		</dict>
		<key>229FA463185DFD6200483903</key>
		<dict>
			<key>isa</key>
			<string>PBXFileReference</string>
			<key>lastKnownFileType</key>
			<string>text.plist.xml</string>
			<key>path</key>
			<string>Sample-Info.plist</string>
			<key>sourceTree</key>
			<string>&lt;group&gt;</string>
		</dict>
		<key>229FA464185DFD6200483903</key>
		<dict>
			<key>children</key>
			<array>
				<string>229FA465185DFD6200483903</string>
			</array>
			<key>isa</key>
			<string>PBXVariantGroup</string>
			<key>name</key>
			<string>InfoPlist.strings</string>
			<key>sourceTree</key>
			<string>&lt;group&gt;</string>
		</dict>
		<key>229FA465185DFD6200483903</key>
		<dict>
			<key>isa</key>
			<string>PBXFileReference</string>
			<key>lastKnownFileType</key>
			<string>text.plist.strings</string>
			<key>name</key>
			<string>en</string>
			<key>path</key>
			<string>en.lproj/InfoPlist.strings</string>
			<key>sourceTree</key>
			<string>&lt;group&gt;</string>
		</dict>
		<key>229FA466185DFD6200483903</key>
		<dict>
			<key>fileRef</key>
			<string>229FA464185DFD6200483903</string>
			<key>isa</key>
			<string>PBXBuildFile</string>
		</dict>
		<key>229FA467185DFD6200483903</key>
		<dict>
			<key>isa</key>
			<string>PBXFileReference</string>
			<key>lastKnownFileType</key>
			<string>sourcecode.c.objc</string>
			<key>path</key>
			<string>main.m</string>
			<key>sourceTree</key>
			<string>&lt;group&gt;</string>
		</dict>
		<key>229FA468185DFD6200483903</key>
		<dict>
			<key>fileRef</key>
			<string>229FA467185DFD6200483903</string>
			<key>isa</key>
			<string>PBXBuildFile</string>
		</dict>
		<key>229FA469185DFD6200483903</key>
		<dict>
			<key>isa</key>
			<string>PBXFileReference</string>
			<key>lastKnownFileType</key>
			<string>sourcecode.c.h</string>
			<key>path</key>
			<string>Sample-Prefix.pch</string>
			<key>sourceTree</key>
			<string>&lt;group&gt;</string>
		</dict>
		<key>229FA46A185DFD6200483903</key>
		<dict>
			<key>isa</key>
			<string>PBXFileReference</string>
			<key>lastKnownFileType</key>
			<string>sourcecode.c.h</string>
			<key>path</key>
			<string>SHAppDelegate.h</string>
			<key>sourceTree</key>
			<string>&lt;group&gt;</string>
		</dict>
		<key>229FA46B185DFD6200483903</key>
		<dict>
			<key>isa</key>
			<string>PBXFileReference</string>
			<key>lastKnownFileType</key>
			<string>sourcecode.c.objc</string>
			<key>path</key>
			<string>SHAppDelegate.m</string>
			<key>sourceTree</key>
			<string>&lt;group&gt;</string>
		</dict>
		<key>229FA46C185DFD6200483903</key>
		<dict>
			<key>fileRef</key>
			<string>229FA46B185DFD6200483903</string>
			<key>isa</key>
			<string>PBXBuildFile</string>
		</dict>
		<key>229FA46D185DFD6200483903</key>
		<dict>
			<key>children</key>
			<array>
				<string>229FA46E185DFD6200483903</string>
			</array>
			<key>isa</key>
			<string>PBXVariantGroup</string>
			<key>name</key>
			<string>Main.storyboard</string>
			<key>sourceTree</key>
			<string>&lt;group&gt;</string>
		</dict>
		<key>229FA46E185DFD6200483903</key>
		<dict>
			<key>isa</key>
			<string>PBXFileReference</string>
			<key>lastKnownFileType</key>
			<string>file.storyboard</string>
			<key>name</key>
			<string>Base</string>
			<key>path</key>
			<string>Base.lproj/Main.storyboard</string>
			<key>sourceTree</key>
			<string>&lt;group&gt;</string>
		</dict>
		<key>229FA46F185DFD6200483903</key>
		<dict>
			<key>fileRef</key>
			<string>229FA46D185DFD6200483903</string>
			<key>isa</key>
			<string>PBXBuildFile</string>
		</dict>
		<key>229FA470185DFD6200483903</key>
		<dict>
			<key>isa</key>
			<string>PBXFileReference</string>
			<key>lastKnownFileType</key>
			<string>sourcecode.c.h</string>
			<key>path</key>
			<string>SHViewController.h</string>
			<key>sourceTree</key>
			<string>&lt;group&gt;</string>
		</dict>
		<key>229FA471185DFD6200483903</key>
		<dict>
			<key>isa</key>
			<string>PBXFileReference</string>
			<key>lastKnownFileType</key>
			<string>sourcecode.c.objc</string>
			<key>path</key>
			<string>SHViewController.m</string>
			<key>sourceTree</key>
			<string>&lt;group&gt;</string>
		</dict>
		<key>229FA472185DFD6200483903</key>
		<dict>
			<key>fileRef</key>
			<string>229FA471185DFD6200483903</string>
			<key>isa</key>
			<string>PBXBuildFile</string>
		</dict>
		<key>229FA473185DFD6200483903</key>
		<dict>
			<key>isa</key>
			<string>PBXFileReference</string>
			<key>lastKnownFileType</key>
			<string>folder.assetcatalog</string>
			<key>path</key>
			<string>Images.xcassets</string>
			<key>sourceTree</key>
			<string>&lt;group&gt;</string>
		</dict>
		<key>229FA474185DFD6200483903</key>
		<dict>
			<key>fileRef</key>
			<string>229FA473185DFD6200483903</string>
			<key>isa</key>
			<string>PBXBuildFile</string>
		</dict>
		<key>229FA47A185DFD6200483903</key>
		<dict>
			<key>isa</key>
			<string>PBXFileReference</string>
			<key>lastKnownFileType</key>
			<string>wrapper.framework</string>
			<key>name</key>
			<string>XCTest.framework</string>
			<key>path</key>
			<string>Library/Frameworks/XCTest.framework</string>
			<key>sourceTree</key>
			<string>DEVELOPER_DIR</string>
		</dict>
		<key>229FA488185DFD6200483903</key>
		<dict>
			<key>buildSettings</key>
			<dict>
				<key>ALWAYS_SEARCH_USER_PATHS</key>
				<string>NO</string>
				<key>ARCHS</key>
				<string>$(ARCHS_STANDARD_INCLUDING_64_BIT)</string>
				<key>CLANG_CXX_LANGUAGE_STANDARD</key>
				<string>gnu++0x</string>
				<key>CLANG_CXX_LIBRARY</key>
				<string>libc++</string>
				<key>CLANG_ENABLE_MODULES</key>
				<string>YES</string>
				<key>CLANG_ENABLE_OBJC_ARC</key>
				<string>YES</string>
				<key>CLANG_WARN_BOOL_CONVERSION</key>
				<string>YES</string>
				<key>CLANG_WARN_CONSTANT_CONVERSION</key>
				<string>YES</string>
				<key>CLANG_WARN_DIRECT_OBJC_ISA_USAGE</key>
				<string>YES_ERROR</string>
				<key>CLANG_WARN_EMPTY_BODY</key>
				<string>YES</string>
				<key>CLANG_WARN_ENUM_CONVERSION</key>
				<string>YES</string>
				<key>CLANG_WARN_INT_CONVERSION</key>
				<string>YES</string>
				<key>CLANG_WARN_OBJC_ROOT_CLASS</key>
				<string>YES_ERROR</string>
				<key>CLANG_WARN__DUPLICATE_METHOD_MATCH</key>
				<string>YES</string>
				<key>CODE_SIGN_IDENTITY[sdk=iphoneos*]</key>
				<string>iPhone Developer</string>
				<key>COPY_PHASE_STRIP</key>
				<string>NO</string>
				<key>GCC_C_LANGUAGE_STANDARD</key>
				<string>gnu99</string>
				<key>GCC_DYNAMIC_NO_PIC</key>
				<string>NO</string>
				<key>GCC_OPTIMIZATION_LEVEL</key>
				<string>0</string>
				<key>GCC_PREPROCESSOR_DEFINITIONS</key>
				<array>
					<string>DEBUG=1</string>
					<string>$(inherited)</string>
				</array>
				<key>GCC_SYMBOLS_PRIVATE_EXTERN</key>
				<string>NO</string>
				<key>GCC_WARN_64_TO_32_BIT_CONVERSION</key>
				<string>YES</string>
				<key>GCC_WARN_ABOUT_RETURN_TYPE</key>
				<string>YES_ERROR</string>
				<key>GCC_WARN_UNDECLARED_SELECTOR</key>
				<string>YES</string>
				<key>GCC_WARN_UNINITIALIZED_AUTOS</key>
				<string>YES</string>
				<key>GCC_WARN_UNUSED_FUNCTION</key>
				<string>YES</string>
				<key>GCC_WARN_UNUSED_VARIABLE</key>
				<string>YES</string>
				<key>IPHONEOS_DEPLOYMENT_TARGET</key>
				<string>7.0</string>
				<key>ONLY_ACTIVE_ARCH</key>
				<string>YES</string>
				<key>SDKROOT</key>
				<string>iphoneos</string>
			</dict>
			<key>isa</key>
			<string>XCBuildConfiguration</string>
			<key>name</key>
			<string>Debug</string>
		</dict>
		<key>229FA489185DFD6200483903</key>
		<dict>
			<key>buildSettings</key>
			<dict>
				<key>ALWAYS_SEARCH_USER_PATHS</key>
				<string>NO</string>
				<key>ARCHS</key>
				<string>$(ARCHS_STANDARD_INCLUDING_64_BIT)</string>
				<key>CLANG_CXX_LANGUAGE_STANDARD</key>
				<string>gnu++0x</string>
				<key>CLANG_CXX_LIBRARY</key>
				<string>libc++</string>
				<key>CLANG_ENABLE_MODULES</key>
				<string>YES</string>
				<key>CLANG_ENABLE_OBJC_ARC</key>
				<string>YES</string>
				<key>CLANG_WARN_BOOL_CONVERSION</key>
				<string>YES</string>
				<key>CLANG_WARN_CONSTANT_CONVERSION</key>
				<string>YES</string>
				<key>CLANG_WARN_DIRECT_OBJC_ISA_USAGE</key>
				<string>YES_ERROR</string>
				<key>CLANG_WARN_EMPTY_BODY</key>
				<string>YES</string>
				<key>CLANG_WARN_ENUM_CONVERSION</key>
				<string>YES</string>
				<key>CLANG_WARN_INT_CONVERSION</key>
				<string>YES</string>
				<key>CLANG_WARN_OBJC_ROOT_CLASS</key>
				<string>YES_ERROR</string>
				<key>CLANG_WARN__DUPLICATE_METHOD_MATCH</key>
				<string>YES</string>
				<key>CODE_SIGN_IDENTITY[sdk=iphoneos*]</key>
				<string>iPhone Developer</string>
				<key>COPY_PHASE_STRIP</key>
				<string>YES</string>
				<key>ENABLE_NS_ASSERTIONS</key>
				<string>NO</string>
				<key>GCC_C_LANGUAGE_STANDARD</key>
				<string>gnu99</string>
				<key>GCC_WARN_64_TO_32_BIT_CONVERSION</key>
				<string>YES</string>
				<key>GCC_WARN_ABOUT_RETURN_TYPE</key>
				<string>YES_ERROR</string>
				<key>GCC_WARN_UNDECLARED_SELECTOR</key>
				<string>YES</string>
				<key>GCC_WARN_UNINITIALIZED_AUTOS</key>
				<string>YES</string>
				<key>GCC_WARN_UNUSED_FUNCTION</key>
				<string>YES</string>
				<key>GCC_WARN_UNUSED_VARIABLE</key>
				<string>YES</string>
				<key>IPHONEOS_DEPLOYMENT_TARGET</key>
				<string>7.0</string>
				<key>SDKROOT</key>
				<string>iphoneos</string>
				<key>VALIDATE_PRODUCT</key>
				<string>YES</string>
			</dict>
			<key>isa</key>
			<string>XCBuildConfiguration</string>
			<key>name</key>
			<string>Release</string>
		</dict>
		<key>229FA48A185DFD6200483903</key>
		<dict>
			<key>buildConfigurations</key>
			<array>
				<string>229FA48B185DFD6200483903</string>
				<string>229FA48C185DFD6200483903</string>
			</array>
			<key>defaultConfigurationIsVisible</key>
			<string>0</string>
			<key>defaultConfigurationName</key>
			<string>Release</string>
			<key>isa</key>
			<string>XCConfigurationList</string>
		</dict>
		<key>229FA48B185DFD6200483903</key>
		<dict>
			<key>baseConfigurationReference</key>
			<string>322EBA924E584B01A2B29ACF</string>
			<key>buildSettings</key>
			<dict>
				<key>ASSETCATALOG_COMPILER_APPICON_NAME</key>
				<string>AppIcon</string>
				<key>ASSETCATALOG_COMPILER_LAUNCHIMAGE_NAME</key>
				<string>LaunchImage</string>
				<key>GCC_PRECOMPILE_PREFIX_HEADER</key>
				<string>YES</string>
				<key>GCC_PREFIX_HEADER</key>
				<string>Sample/Sample-Prefix.pch</string>
				<key>INFOPLIST_FILE</key>
				<string>Sample/Sample-Info.plist</string>
				<key>PRODUCT_NAME</key>
				<string>$(TARGET_NAME)</string>
				<key>WRAPPER_EXTENSION</key>
				<string>app</string>
			</dict>
			<key>isa</key>
			<string>XCBuildConfiguration</string>
			<key>name</key>
			<string>Debug</string>
		</dict>
		<key>229FA48C185DFD6200483903</key>
		<dict>
			<key>baseConfigurationReference</key>
			<string>322EBA924E584B01A2B29ACF</string>
			<key>buildSettings</key>
			<dict>
				<key>ASSETCATALOG_COMPILER_APPICON_NAME</key>
				<string>AppIcon</string>
				<key>ASSETCATALOG_COMPILER_LAUNCHIMAGE_NAME</key>
				<string>LaunchImage</string>
				<key>GCC_PRECOMPILE_PREFIX_HEADER</key>
				<string>YES</string>
				<key>GCC_PREFIX_HEADER</key>
				<string>Sample/Sample-Prefix.pch</string>
				<key>INFOPLIST_FILE</key>
				<string>Sample/Sample-Info.plist</string>
				<key>PRODUCT_NAME</key>
				<string>$(TARGET_NAME)</string>
				<key>WRAPPER_EXTENSION</key>
				<string>app</string>
			</dict>
			<key>isa</key>
			<string>XCBuildConfiguration</string>
			<key>name</key>
			<string>Release</string>
		</dict>
		<key>229FA4A2185DFEC600483903</key>
		<dict>
			<key>buildActionMask</key>
			<string>2147483647</string>
			<key>files</key>
			<array>
				<string>229FA4B1185DFEC600483903</string>
				<string>229FA4B5185DFEC600483903</string>
			</array>
			<key>isa</key>
			<string>PBXSourcesBuildPhase</string>
			<key>runOnlyForDeploymentPostprocessing</key>
			<string>0</string>
		</dict>
		<key>229FA4A3185DFEC600483903</key>
		<dict>
			<key>buildActionMask</key>
			<string>2147483647</string>
			<key>files</key>
			<array>
				<string>229FA4A8185DFEC600483903</string>
				<string>229FA4A9185DFEC600483903</string>
				<string>229FA4A7185DFEC600483903</string>
			</array>
			<key>isa</key>
			<string>PBXFrameworksBuildPhase</string>
			<key>runOnlyForDeploymentPostprocessing</key>
			<string>0</string>
		</dict>
		<key>229FA4A4185DFEC600483903</key>
		<dict>
			<key>buildActionMask</key>
			<string>2147483647</string>
			<key>files</key>
			<array>
				<string>229FA4AF185DFEC600483903</string>
				<string>229FA4B7185DFEC600483903</string>
			</array>
			<key>isa</key>
			<string>PBXResourcesBuildPhase</string>
			<key>runOnlyForDeploymentPostprocessing</key>
			<string>0</string>
		</dict>
		<key>229FA4A5185DFEC600483903</key>
		<dict>
			<key>buildConfigurationList</key>
			<string>229FA4CA185DFEC700483903</string>
			<key>buildPhases</key>
			<array>
				<string>229FA4A2185DFEC600483903</string>
				<string>229FA4A3185DFEC600483903</string>
				<string>229FA4A4185DFEC600483903</string>
			</array>
			<key>buildRules</key>
			<array/>
			<key>dependencies</key>
			<array/>
			<key>isa</key>
			<string>PBXNativeTarget</string>
			<key>name</key>
			<string>Library</string>
			<key>productName</key>
			<string>Library</string>
			<key>productReference</key>
			<string>229FA4A6185DFEC600483903</string>
			<key>productType</key>
			<string>com.apple.product-type.application</string>
		</dict>
		<key>229FA4A6185DFEC600483903</key>
		<dict>
			<key>explicitFileType</key>
			<string>wrapper.application</string>
			<key>includeInIndex</key>
			<string>0</string>
			<key>isa</key>
			<string>PBXFileReference</string>
			<key>path</key>
			<string>Library.app</string>
			<key>sourceTree</key>
			<string>BUILT_PRODUCTS_DIR</string>
		</dict>
		<key>229FA4A7185DFEC600483903</key>
		<dict>
			<key>fileRef</key>
			<string>229FA45B185DFD6200483903</string>
			<key>isa</key>
			<string>PBXBuildFile</string>
		</dict>
		<key>229FA4A8185DFEC600483903</key>
		<dict>
			<key>fileRef</key>
			<string>229FA45D185DFD6200483903</string>
			<key>isa</key>
			<string>PBXBuildFile</string>
		</dict>
		<key>229FA4A9185DFEC600483903</key>
		<dict>
			<key>fileRef</key>
			<string>229FA45F185DFD6200483903</string>
			<key>isa</key>
			<string>PBXBuildFile</string>
		</dict>
		<key>229FA4AA185DFEC600483903</key>
		<dict>
			<key>children</key>
			<array>
				<string>229FA4B3185DFEC600483903</string>
				<string>229FA4B4185DFEC600483903</string>
				<string>229FA4B6185DFEC600483903</string>
				<string>229FA4AB185DFEC600483903</string>
			</array>
			<key>isa</key>
			<string>PBXGroup</string>
			<key>path</key>
			<string>Library</string>
			<key>sourceTree</key>
			<string>&lt;group&gt;</string>
		</dict>
		<key>229FA4AB185DFEC600483903</key>
		<dict>
			<key>children</key>
			<array>
				<string>229FA4AC185DFEC600483903</string>
				<string>229FA4AD185DFEC600483903</string>
				<string>229FA4B0185DFEC600483903</string>
				<string>229FA4B2185DFEC600483903</string>
			</array>
			<key>isa</key>
			<string>PBXGroup</string>
			<key>name</key>
			<string>Supporting Files</string>
			<key>sourceTree</key>
			<string>&lt;group&gt;</string>
		</dict>
		<key>229FA4AC185DFEC600483903</key>
		<dict>
			<key>isa</key>
			<string>PBXFileReference</string>
			<key>lastKnownFileType</key>
			<string>text.plist.xml</string>
			<key>path</key>
			<string>Library-Info.plist</string>
			<key>sourceTree</key>
			<string>&lt;group&gt;</string>
		</dict>
		<key>229FA4AD185DFEC600483903</key>
		<dict>
			<key>children</key>
			<array>
				<string>229FA4AE185DFEC600483903</string>
			</array>
			<key>isa</key>
			<string>PBXVariantGroup</string>
			<key>name</key>
			<string>InfoPlist.strings</string>
			<key>sourceTree</key>
			<string>&lt;group&gt;</string>
		</dict>
		<key>229FA4AE185DFEC600483903</key>
		<dict>
			<key>isa</key>
			<string>PBXFileReference</string>
			<key>lastKnownFileType</key>
			<string>text.plist.strings</string>
			<key>name</key>
			<string>en</string>
			<key>path</key>
			<string>en.lproj/InfoPlist.strings</string>
			<key>sourceTree</key>
			<string>&lt;group&gt;</string>
		</dict>
		<key>229FA4AF185DFEC600483903</key>
		<dict>
			<key>fileRef</key>
			<string>229FA4AD185DFEC600483903</string>
			<key>isa</key>
			<string>PBXBuildFile</string>
		</dict>
		<key>229FA4B0185DFEC600483903</key>
		<dict>
			<key>isa</key>
			<string>PBXFileReference</string>
			<key>lastKnownFileType</key>
			<string>sourcecode.c.objc</string>
			<key>path</key>
			<string>main.m</string>
			<key>sourceTree</key>
			<string>&lt;group&gt;</string>
		</dict>
		<key>229FA4B1185DFEC600483903</key>
		<dict>
			<key>fileRef</key>
			<string>229FA4B0185DFEC600483903</string>
			<key>isa</key>
			<string>PBXBuildFile</string>
		</dict>
		<key>229FA4B2185DFEC600483903</key>
		<dict>
			<key>isa</key>
			<string>PBXFileReference</string>
			<key>lastKnownFileType</key>
			<string>sourcecode.c.h</string>
			<key>path</key>
			<string>Library-Prefix.pch</string>
			<key>sourceTree</key>
			<string>&lt;group&gt;</string>
		</dict>
		<key>229FA4B3185DFEC600483903</key>
		<dict>
			<key>isa</key>
			<string>PBXFileReference</string>
			<key>lastKnownFileType</key>
			<string>sourcecode.c.h</string>
			<key>path</key>
			<string>SHAppDelegate.h</string>
			<key>sourceTree</key>
			<string>&lt;group&gt;</string>
		</dict>
		<key>229FA4B4185DFEC600483903</key>
		<dict>
			<key>isa</key>
			<string>PBXFileReference</string>
			<key>lastKnownFileType</key>
			<string>sourcecode.c.objc</string>
			<key>path</key>
			<string>SHAppDelegate.m</string>
			<key>sourceTree</key>
			<string>&lt;group&gt;</string>
		</dict>
		<key>229FA4B5185DFEC600483903</key>
		<dict>
			<key>fileRef</key>
			<string>229FA4B4185DFEC600483903</string>
			<key>isa</key>
			<string>PBXBuildFile</string>
		</dict>
		<key>229FA4B6185DFEC600483903</key>
		<dict>
			<key>isa</key>
			<string>PBXFileReference</string>
			<key>lastKnownFileType</key>
			<string>folder.assetcatalog</string>
			<key>path</key>
			<string>Images.xcassets</string>
			<key>sourceTree</key>
			<string>&lt;group&gt;</string>
		</dict>
		<key>229FA4B7185DFEC600483903</key>
		<dict>
			<key>fileRef</key>
			<string>229FA4B6185DFEC600483903</string>
			<key>isa</key>
			<string>PBXBuildFile</string>
		</dict>
		<key>229FA4B8185DFEC600483903</key>
		<dict>
			<key>buildActionMask</key>
			<string>2147483647</string>
			<key>files</key>
			<array>
				<string>22992B9F185F5AB3002E6E76</string>
				<string>22992BA0185F5AB3002E6E76</string>
				<string>22992BA1185F5AB3002E6E76</string>
				<string>22992B9E185F5AB3002E6E76</string>
				<string>22992B9D185F5AB3002E6E76</string>
			</array>
			<key>isa</key>
			<string>PBXSourcesBuildPhase</string>
			<key>runOnlyForDeploymentPostprocessing</key>
			<string>0</string>
		</dict>
		<key>229FA4B9185DFEC600483903</key>
		<dict>
			<key>buildActionMask</key>
			<string>2147483647</string>
			<key>files</key>
			<array>
				<string>229FA4BD185DFEC600483903</string>
				<string>229FA4BF185DFEC600483903</string>
				<string>229FA4BE185DFEC600483903</string>
				<string>FEF0DCF8817E466AB923915C</string>
				<string>FA16010950B84BF3B81EE39D</string>
			</array>
			<key>isa</key>
			<string>PBXFrameworksBuildPhase</string>
			<key>runOnlyForDeploymentPostprocessing</key>
			<string>0</string>
		</dict>
		<key>229FA4BA185DFEC600483903</key>
		<dict>
			<key>buildActionMask</key>
			<string>2147483647</string>
			<key>files</key>
			<array>
				<string>229FA4C7185DFEC600483903</string>
			</array>
			<key>isa</key>
			<string>PBXResourcesBuildPhase</string>
			<key>runOnlyForDeploymentPostprocessing</key>
			<string>0</string>
		</dict>
		<key>229FA4BB185DFEC600483903</key>
		<dict>
			<key>buildConfigurationList</key>
			<string>229FA4CD185DFEC700483903</string>
			<key>buildPhases</key>
			<array>
				<string>E93E52ED378241809499D04C</string>
				<string>229FA4B8185DFEC600483903</string>
				<string>229FA4B9185DFEC600483903</string>
				<string>229FA4BA185DFEC600483903</string>
				<string>994C38FA92DB4CB3A8284314</string>
			</array>
			<key>buildRules</key>
			<array/>
			<key>dependencies</key>
			<array>
				<string>22992B96185F5A83002E6E76</string>
			</array>
			<key>isa</key>
			<string>PBXNativeTarget</string>
			<key>name</key>
			<string>LibraryTests</string>
			<key>productName</key>
			<string>LibraryTests</string>
			<key>productReference</key>
			<string>229FA4BC185DFEC600483903</string>
			<key>productType</key>
			<string>com.apple.product-type.bundle.unit-test</string>
		</dict>
		<key>229FA4BC185DFEC600483903</key>
		<dict>
			<key>explicitFileType</key>
			<string>wrapper.cfbundle</string>
			<key>includeInIndex</key>
			<string>0</string>
			<key>isa</key>
			<string>PBXFileReference</string>
			<key>path</key>
			<string>LibraryTests.xctest</string>
			<key>sourceTree</key>
			<string>BUILT_PRODUCTS_DIR</string>
		</dict>
		<key>229FA4BD185DFEC600483903</key>
		<dict>
			<key>fileRef</key>
			<string>229FA47A185DFD6200483903</string>
			<key>isa</key>
			<string>PBXBuildFile</string>
		</dict>
		<key>229FA4BE185DFEC600483903</key>
		<dict>
			<key>fileRef</key>
			<string>229FA45B185DFD6200483903</string>
			<key>isa</key>
			<string>PBXBuildFile</string>
		</dict>
		<key>229FA4BF185DFEC600483903</key>
		<dict>
			<key>fileRef</key>
			<string>229FA45F185DFD6200483903</string>
			<key>isa</key>
			<string>PBXBuildFile</string>
		</dict>
		<key>229FA4C2185DFEC600483903</key>
		<dict>
			<key>children</key>
			<array>
				<string>22992B97185F5AB3002E6E76</string>
				<string>22992B98185F5AB3002E6E76</string>
				<string>22992B99185F5AB3002E6E76</string>
				<string>22992B9A185F5AB3002E6E76</string>
				<string>22992B9B185F5AB3002E6E76</string>
				<string>22992B9C185F5AB3002E6E76</string>
				<string>229FA4C3185DFEC600483903</string>
			</array>
			<key>isa</key>
			<string>PBXGroup</string>
			<key>path</key>
			<string>LibraryTests</string>
			<key>sourceTree</key>
			<string>&lt;group&gt;</string>
		</dict>
		<key>229FA4C3185DFEC600483903</key>
		<dict>
			<key>children</key>
			<array>
				<string>229FA4C4185DFEC600483903</string>
				<string>229FA4C5185DFEC600483903</string>
			</array>
			<key>isa</key>
			<string>PBXGroup</string>
			<key>name</key>
			<string>Supporting Files</string>
			<key>sourceTree</key>
			<string>&lt;group&gt;</string>
		</dict>
		<key>229FA4C4185DFEC600483903</key>
		<dict>
			<key>isa</key>
			<string>PBXFileReference</string>
			<key>lastKnownFileType</key>
			<string>text.plist.xml</string>
			<key>path</key>
			<string>LibraryTests-Info.plist</string>
			<key>sourceTree</key>
			<string>&lt;group&gt;</string>
		</dict>
		<key>229FA4C5185DFEC600483903</key>
		<dict>
			<key>children</key>
			<array>
				<string>229FA4C6185DFEC600483903</string>
			</array>
			<key>isa</key>
			<string>PBXVariantGroup</string>
			<key>name</key>
			<string>InfoPlist.strings</string>
			<key>sourceTree</key>
			<string>&lt;group&gt;</string>
		</dict>
		<key>229FA4C6185DFEC600483903</key>
		<dict>
			<key>isa</key>
			<string>PBXFileReference</string>
			<key>lastKnownFileType</key>
			<string>text.plist.strings</string>
			<key>name</key>
			<string>en</string>
			<key>path</key>
			<string>en.lproj/InfoPlist.strings</string>
			<key>sourceTree</key>
			<string>&lt;group&gt;</string>
		</dict>
		<key>229FA4C7185DFEC600483903</key>
		<dict>
			<key>fileRef</key>
			<string>229FA4C5185DFEC600483903</string>
			<key>isa</key>
			<string>PBXBuildFile</string>
		</dict>
		<key>229FA4CA185DFEC700483903</key>
		<dict>
			<key>buildConfigurations</key>
			<array>
				<string>229FA4CB185DFEC700483903</string>
				<string>229FA4CC185DFEC700483903</string>
			</array>
			<key>defaultConfigurationIsVisible</key>
			<string>0</string>
			<key>defaultConfigurationName</key>
			<string>Release</string>
			<key>isa</key>
			<string>XCConfigurationList</string>
		</dict>
		<key>229FA4CB185DFEC700483903</key>
		<dict>
			<key>buildSettings</key>
			<dict>
				<key>ARCHS</key>
				<string>$(ARCHS_STANDARD_INCLUDING_64_BIT)</string>
				<key>ASSETCATALOG_COMPILER_APPICON_NAME</key>
				<string>AppIcon</string>
				<key>ASSETCATALOG_COMPILER_LAUNCHIMAGE_NAME</key>
				<string>LaunchImage</string>
				<key>GCC_PRECOMPILE_PREFIX_HEADER</key>
				<string>YES</string>
				<key>GCC_PREFIX_HEADER</key>
				<string>Library/Library-Prefix.pch</string>
				<key>GCC_PREPROCESSOR_DEFINITIONS</key>
				<array>
					<string>DEBUG=1</string>
					<string>$(inherited)</string>
				</array>
				<key>INFOPLIST_FILE</key>
				<string>Library/Library-Info.plist</string>
				<key>PRODUCT_NAME</key>
				<string>$(TARGET_NAME)</string>
				<key>WRAPPER_EXTENSION</key>
				<string>app</string>
			</dict>
			<key>isa</key>
			<string>XCBuildConfiguration</string>
			<key>name</key>
			<string>Debug</string>
		</dict>
		<key>229FA4CC185DFEC700483903</key>
		<dict>
			<key>buildSettings</key>
			<dict>
				<key>ARCHS</key>
				<string>$(ARCHS_STANDARD_INCLUDING_64_BIT)</string>
				<key>ASSETCATALOG_COMPILER_APPICON_NAME</key>
				<string>AppIcon</string>
				<key>ASSETCATALOG_COMPILER_LAUNCHIMAGE_NAME</key>
				<string>LaunchImage</string>
				<key>GCC_PRECOMPILE_PREFIX_HEADER</key>
				<string>YES</string>
				<key>GCC_PREFIX_HEADER</key>
				<string>Library/Library-Prefix.pch</string>
				<key>INFOPLIST_FILE</key>
				<string>Library/Library-Info.plist</string>
				<key>PRODUCT_NAME</key>
				<string>$(TARGET_NAME)</string>
				<key>WRAPPER_EXTENSION</key>
				<string>app</string>
			</dict>
			<key>isa</key>
			<string>XCBuildConfiguration</string>
			<key>name</key>
			<string>Release</string>
		</dict>
		<key>229FA4CD185DFEC700483903</key>
		<dict>
			<key>buildConfigurations</key>
			<array>
				<string>229FA4CE185DFEC700483903</string>
				<string>229FA4CF185DFEC700483903</string>
			</array>
			<key>defaultConfigurationIsVisible</key>
			<string>0</string>
			<key>defaultConfigurationName</key>
			<string>Release</string>
			<key>isa</key>
			<string>XCConfigurationList</string>
		</dict>
		<key>229FA4CE185DFEC700483903</key>
		<dict>
			<key>baseConfigurationReference</key>
			<string>18D2134F98F14C11B6D1FDB8</string>
			<key>buildSettings</key>
			<dict>
				<key>ARCHS</key>
				<string>$(ARCHS_STANDARD_INCLUDING_64_BIT)</string>
				<key>BUNDLE_LOADER</key>
				<string>$(BUILT_PRODUCTS_DIR)/Library.app/Library</string>
				<key>FRAMEWORK_SEARCH_PATHS</key>
				<array>
					<string>$(SDKROOT)/Developer/Library/Frameworks</string>
					<string>$(inherited)</string>
					<string>$(DEVELOPER_FRAMEWORKS_DIR)</string>
				</array>
				<key>GCC_PRECOMPILE_PREFIX_HEADER</key>
				<string>YES</string>
				<key>GCC_PREFIX_HEADER</key>
				<string>Library/Library-Prefix.pch</string>
				<key>GCC_PREPROCESSOR_DEFINITIONS</key>
				<array>
					<string>DEBUG=1</string>
					<string>$(inherited)</string>
				</array>
				<key>INFOPLIST_FILE</key>
				<string>LibraryTests/LibraryTests-Info.plist</string>
				<key>PRODUCT_NAME</key>
				<string>$(TARGET_NAME)</string>
				<key>TEST_HOST</key>
				<string>$(BUNDLE_LOADER)</string>
				<key>WRAPPER_EXTENSION</key>
				<string>xctest</string>
			</dict>
			<key>isa</key>
			<string>XCBuildConfiguration</string>
			<key>name</key>
			<string>Debug</string>
		</dict>
		<key>229FA4CF185DFEC700483903</key>
		<dict>
			<key>baseConfigurationReference</key>
			<string>18D2134F98F14C11B6D1FDB8</string>
			<key>buildSettings</key>
			<dict>
				<key>ARCHS</key>
				<string>$(ARCHS_STANDARD_INCLUDING_64_BIT)</string>
				<key>BUNDLE_LOADER</key>
				<string>$(BUILT_PRODUCTS_DIR)/Library.app/Library</string>
				<key>FRAMEWORK_SEARCH_PATHS</key>
				<array>
					<string>$(SDKROOT)/Developer/Library/Frameworks</string>
					<string>$(inherited)</string>
					<string>$(DEVELOPER_FRAMEWORKS_DIR)</string>
				</array>
				<key>GCC_PRECOMPILE_PREFIX_HEADER</key>
				<string>YES</string>
				<key>GCC_PREFIX_HEADER</key>
				<string>Library/Library-Prefix.pch</string>
				<key>INFOPLIST_FILE</key>
				<string>LibraryTests/LibraryTests-Info.plist</string>
				<key>PRODUCT_NAME</key>
				<string>$(TARGET_NAME)</string>
				<key>TEST_HOST</key>
				<string>$(BUNDLE_LOADER)</string>
				<key>WRAPPER_EXTENSION</key>
				<string>xctest</string>
			</dict>
			<key>isa</key>
			<string>XCBuildConfiguration</string>
			<key>name</key>
			<string>Release</string>
		</dict>
		<key>322EBA924E584B01A2B29ACF</key>
		<dict>
			<key>includeInIndex</key>
			<string>1</string>
			<key>isa</key>
			<string>PBXFileReference</string>
			<key>lastKnownFileType</key>
			<string>text.xcconfig</string>
			<key>name</key>
			<string>Pods-Sample.xcconfig</string>
			<key>path</key>
			<string>Pods/Pods-Sample.xcconfig</string>
			<key>sourceTree</key>
			<string>&lt;group&gt;</string>
		</dict>
		<key>7B5FA905F3994B099A391047</key>
		<dict>
			<key>includeInIndex</key>
			<string>1</string>
			<key>isa</key>
			<string>PBXFileReference</string>
			<key>lastKnownFileType</key>
			<string>text.xcconfig</string>
			<key>name</key>
			<string>Pods-LibraryTests.xcconfig</string>
			<key>path</key>
			<string>Pods/Pods-LibraryTests.xcconfig</string>
			<key>sourceTree</key>
			<string>&lt;group&gt;</string>
		</dict>
		<key>7E4568FB8B5E48EDA89B9051</key>
		<dict>
			<key>fileRef</key>
			<string>A035CE7E16DC4EE5BA41867D</string>
			<key>isa</key>
			<string>PBXBuildFile</string>
		</dict>
		<key>994C38FA92DB4CB3A8284314</key>
		<dict>
			<key>buildActionMask</key>
			<string>2147483647</string>
			<key>files</key>
			<array/>
			<key>inputPaths</key>
			<array/>
			<key>isa</key>
			<string>PBXShellScriptBuildPhase</string>
			<key>name</key>
			<string>Copy Pods Resources</string>
			<key>outputPaths</key>
			<array/>
			<key>runOnlyForDeploymentPostprocessing</key>
			<string>0</string>
			<key>shellPath</key>
			<string>/bin/sh</string>
			<key>shellScript</key>
			<string>"${SRCROOT}/Pods/Pods-resources.sh"
</string>
			<key>showEnvVarsInLog</key>
			<string>0</string>
		</dict>
		<key>A035CE7E16DC4EE5BA41867D</key>
		<dict>
			<key>explicitFileType</key>
			<string>archive.ar</string>
			<key>includeInIndex</key>
			<string>0</string>
			<key>isa</key>
			<string>PBXFileReference</string>
			<key>path</key>
			<string>libPods.a</string>
			<key>sourceTree</key>
			<string>BUILT_PRODUCTS_DIR</string>
		</dict>
		<key>C427D6D134834AB493BEC6CB</key>
		<dict>
			<key>buildActionMask</key>
			<string>2147483647</string>
			<key>files</key>
			<array/>
			<key>inputPaths</key>
			<array/>
			<key>isa</key>
			<string>PBXShellScriptBuildPhase</string>
			<key>name</key>
			<string>Copy Pods Resources</string>
			<key>outputPaths</key>
			<array/>
			<key>runOnlyForDeploymentPostprocessing</key>
			<string>0</string>
			<key>shellPath</key>
			<string>/bin/sh</string>
			<key>shellScript</key>
			<string>"${SRCROOT}/Pods/Pods-Sample-resources.sh"
</string>
			<key>showEnvVarsInLog</key>
			<string>0</string>
		</dict>
		<key>E80C0DC47BE9444B97A7A5EE</key>
		<dict>
			<key>buildActionMask</key>
			<string>2147483647</string>
			<key>files</key>
			<array/>
			<key>inputPaths</key>
			<array/>
			<key>isa</key>
			<string>PBXShellScriptBuildPhase</string>
			<key>name</key>
			<string>Check Pods Manifest.lock</string>
			<key>outputPaths</key>
			<array/>
			<key>runOnlyForDeploymentPostprocessing</key>
			<string>0</string>
			<key>shellPath</key>
			<string>/bin/sh</string>
			<key>shellScript</key>
			<string>diff "${PODS_ROOT}/../Podfile.lock" "${PODS_ROOT}/Manifest.lock" &gt; /dev/null
if [[ $? != 0 ]] ; then
    cat &lt;&lt; EOM
error: The sandbox is not in sync with the Podfile.lock. Run 'pod install' or update your CocoaPods installation.
EOM
    exit 1
fi
</string>
			<key>showEnvVarsInLog</key>
			<string>0</string>
		</dict>
		<key>E93E52ED378241809499D04C</key>
		<dict>
			<key>buildActionMask</key>
			<string>2147483647</string>
			<key>files</key>
			<array/>
			<key>inputPaths</key>
			<array/>
			<key>isa</key>
			<string>PBXShellScriptBuildPhase</string>
			<key>name</key>
			<string>Check Pods Manifest.lock</string>
			<key>outputPaths</key>
			<array/>
			<key>runOnlyForDeploymentPostprocessing</key>
			<string>0</string>
			<key>shellPath</key>
			<string>/bin/sh</string>
			<key>shellScript</key>
			<string>diff "${PODS_ROOT}/../Podfile.lock" "${PODS_ROOT}/Manifest.lock" &gt; /dev/null
if [[ $? != 0 ]] ; then
    cat &lt;&lt; EOM
error: The sandbox is not in sync with the Podfile.lock. Run 'pod install' or update your CocoaPods installation.
EOM
    exit 1
fi
</string>
			<key>showEnvVarsInLog</key>
			<string>0</string>
		</dict>
		<key>FA16010950B84BF3B81EE39D</key>
		<dict>
			<key>fileRef</key>
			<string>A035CE7E16DC4EE5BA41867D</string>
			<key>isa</key>
			<string>PBXBuildFile</string>
		</dict>
		<key>FDAFF34EF0D8433BB37C06EB</key>
		<dict>
			<key>explicitFileType</key>
			<string>archive.ar</string>
			<key>includeInIndex</key>
			<string>0</string>
			<key>isa</key>
			<string>PBXFileReference</string>
			<key>path</key>
			<string>libPods-Sample.a</string>
			<key>sourceTree</key>
			<string>BUILT_PRODUCTS_DIR</string>
		</dict>
		<key>FEF0DCF8817E466AB923915C</key>
		<dict>
			<key>fileRef</key>
			<string>107CDB3332CF4A5BA1D4431E</string>
			<key>isa</key>
			<string>PBXBuildFile</string>
		</dict>
	</dict>
	<key>rootObject</key>
	<string>229FA450185DFD6200483903</string>
</dict>
</plist>
