// !$*UTF8*$!
{
	archiveVersion = 1;
	classes = {
	};
	objectVersion = 46;
	objects = {

/* Begin PBXBuildFile section */
		0D20F2B298A14AB99D5D52BE /* libPods-Sample.a in Frameworks */ = {isa = PBXBuildFile; fileRef = FDAFF34EF0D8433BB37C06EB /* libPods-Sample.a */; };
		22992BC6185F6D9A002E6E76 /* Foundation.framework in Frameworks */ = {isa = PBXBuildFile; fileRef = 229FA45B185DFD6200483903 /* Foundation.framework */; };
		22992BC7185F6D9A002E6E76 /* CoreGraphics.framework in Frameworks */ = {isa = PBXBuildFile; fileRef = 229FA45D185DFD6200483903 /* CoreGraphics.framework */; };
		22992BC8185F6D9A002E6E76 /* UIKit.framework in Frameworks */ = {isa = PBXBuildFile; fileRef = 229FA45F185DFD6200483903 /* UIKit.framework */; };
		22992BCE185F6D9A002E6E76 /* InfoPlist.strings in Resources */ = {isa = PBXBuildFile; fileRef = 22992BCC185F6D9A002E6E76 /* InfoPlist.strings */; };
		22992BD0185F6D9A002E6E76 /* main.m in Sources */ = {isa = PBXBuildFile; fileRef = 22992BCF185F6D9A002E6E76 /* main.m */; };
		22992BD4185F6D9B002E6E76 /* SHAppDelegate.m in Sources */ = {isa = PBXBuildFile; fileRef = 22992BD3185F6D9B002E6E76 /* SHAppDelegate.m */; };
		22992BD6185F6D9B002E6E76 /* Images.xcassets in Resources */ = {isa = PBXBuildFile; fileRef = 22992BD5185F6D9B002E6E76 /* Images.xcassets */; };
		22992BF4185F6DBF002E6E76 /* XCTest.framework in Frameworks */ = {isa = PBXBuildFile; fileRef = 229FA47A185DFD6200483903 /* XCTest.framework */; };
		22992BF5185F6DBF002E6E76 /* Foundation.framework in Frameworks */ = {isa = PBXBuildFile; fileRef = 229FA45B185DFD6200483903 /* Foundation.framework */; };
		22992BF6185F6DBF002E6E76 /* UIKit.framework in Frameworks */ = {isa = PBXBuildFile; fileRef = 229FA45F185DFD6200483903 /* UIKit.framework */; };
		22992BFC185F6DBF002E6E76 /* InfoPlist.strings in Resources */ = {isa = PBXBuildFile; fileRef = 22992BFA185F6DBF002E6E76 /* InfoPlist.strings */; };
		22992C0B185F6F19002E6E76 /* SHActionSheetBlocksCallbacks.m in Sources */ = {isa = PBXBuildFile; fileRef = 22992C05185F6F19002E6E76 /* SHActionSheetBlocksCallbacks.m */; };
		22992C0C185F6F19002E6E76 /* SHActionSheetBlocksCallbacksIntegration.m in Sources */ = {isa = PBXBuildFile; fileRef = 22992C06185F6F19002E6E76 /* SHActionSheetBlocksCallbacksIntegration.m */; };
		22992C0D185F6F19002E6E76 /* SHActionSheetBlocksOldTests.m in Sources */ = {isa = PBXBuildFile; fileRef = 22992C07185F6F19002E6E76 /* SHActionSheetBlocksOldTests.m */; };
		22992C0E185F6F19002E6E76 /* SHActionSheetBlocksSelectors.m in Sources */ = {isa = PBXBuildFile; fileRef = 22992C08185F6F19002E6E76 /* SHActionSheetBlocksSelectors.m */; };
		22992C0F185F6F19002E6E76 /* SHActionSheetBlocksSuper.m in Sources */ = {isa = PBXBuildFile; fileRef = 22992C0A185F6F19002E6E76 /* SHActionSheetBlocksSuper.m */; };
		22992C16185F6F9F002E6E76 /* SHAppDelegate.m in Sources */ = {isa = PBXBuildFile; fileRef = 22992C11185F6F9F002E6E76 /* SHAppDelegate.m */; };
		22992C17185F6F9F002E6E76 /* SHSecondViewController.m in Sources */ = {isa = PBXBuildFile; fileRef = 22992C13185F6F9F002E6E76 /* SHSecondViewController.m */; };
		22992C18185F6F9F002E6E76 /* SHViewController.m in Sources */ = {isa = PBXBuildFile; fileRef = 22992C15185F6F9F002E6E76 /* SHViewController.m */; };
		22992C1A185F6FA8002E6E76 /* Main.storyboard in Resources */ = {isa = PBXBuildFile; fileRef = 22992C19185F6FA8002E6E76 /* Main.storyboard */; };
		229FA45C185DFD6200483903 /* Foundation.framework in Frameworks */ = {isa = PBXBuildFile; fileRef = 229FA45B185DFD6200483903 /* Foundation.framework */; };
		229FA45E185DFD6200483903 /* CoreGraphics.framework in Frameworks */ = {isa = PBXBuildFile; fileRef = 229FA45D185DFD6200483903 /* CoreGraphics.framework */; };
		229FA460185DFD6200483903 /* UIKit.framework in Frameworks */ = {isa = PBXBuildFile; fileRef = 229FA45F185DFD6200483903 /* UIKit.framework */; };
		229FA466185DFD6200483903 /* InfoPlist.strings in Resources */ = {isa = PBXBuildFile; fileRef = 229FA464185DFD6200483903 /* InfoPlist.strings */; };
		229FA468185DFD6200483903 /* main.m in Sources */ = {isa = PBXBuildFile; fileRef = 229FA467185DFD6200483903 /* main.m */; };
		229FA474185DFD6200483903 /* Images.xcassets in Resources */ = {isa = PBXBuildFile; fileRef = 229FA473185DFD6200483903 /* Images.xcassets */; };
		7E4568FB8B5E48EDA89B9051 /* libPods.a in Frameworks */ = {isa = PBXBuildFile; fileRef = A035CE7E16DC4EE5BA41867D /* libPods.a */; };
		92814C377A2E41A0AD3541F4 /* libPods-Tests.a in Frameworks */ = {isa = PBXBuildFile; fileRef = 2060B4E2CBEB4246982F6D14 /* libPods-Tests.a */; };
		D601D487425D46F3A92CAD40 /* libPods.a in Frameworks */ = {isa = PBXBuildFile; fileRef = A035CE7E16DC4EE5BA41867D /* libPods.a */; };
/* End PBXBuildFile section */

/* Begin PBXContainerItemProxy section */
		22992C00185F6DBF002E6E76 /* PBXContainerItemProxy */ = {
			isa = PBXContainerItemProxy;
			containerPortal = 229FA450185DFD6200483903 /* Project object */;
			proxyType = 1;
			remoteGlobalIDString = 22992BC4185F6D9A002E6E76;
			remoteInfo = TestLoader;
		};
/* End PBXContainerItemProxy section */

/* Begin PBXFileReference section */
		0747CB44CAA24BA1B127F5A2 /* Pods-Tests.xcconfig */ = {isa = PBXFileReference; includeInIndex = 1; lastKnownFileType = text.xcconfig; name = "Pods-Tests.xcconfig"; path = "Pods/Pods-Tests.xcconfig"; sourceTree = "<group>"; };
		107CDB3332CF4A5BA1D4431E /* libPods-LibraryTests.a */ = {isa = PBXFileReference; explicitFileType = archive.ar; includeInIndex = 0; path = "libPods-LibraryTests.a"; sourceTree = BUILT_PRODUCTS_DIR; };
		18D2134F98F14C11B6D1FDB8 /* Pods.xcconfig */ = {isa = PBXFileReference; includeInIndex = 1; lastKnownFileType = text.xcconfig; name = Pods.xcconfig; path = Pods/Pods.xcconfig; sourceTree = "<group>"; };
		2060B4E2CBEB4246982F6D14 /* libPods-Tests.a */ = {isa = PBXFileReference; explicitFileType = archive.ar; includeInIndex = 0; path = "libPods-Tests.a"; sourceTree = BUILT_PRODUCTS_DIR; };
		22992BC5185F6D9A002E6E76 /* TestLoader.app */ = {isa = PBXFileReference; explicitFileType = wrapper.application; includeInIndex = 0; path = TestLoader.app; sourceTree = BUILT_PRODUCTS_DIR; };
		22992BCB185F6D9A002E6E76 /* TestLoader-Info.plist */ = {isa = PBXFileReference; lastKnownFileType = text.plist.xml; path = "TestLoader-Info.plist"; sourceTree = "<group>"; };
		22992BCD185F6D9A002E6E76 /* en */ = {isa = PBXFileReference; lastKnownFileType = text.plist.strings; name = en; path = en.lproj/InfoPlist.strings; sourceTree = "<group>"; };
		22992BCF185F6D9A002E6E76 /* main.m */ = {isa = PBXFileReference; lastKnownFileType = sourcecode.c.objc; path = main.m; sourceTree = "<group>"; };
		22992BD1185F6D9A002E6E76 /* TestLoader-Prefix.pch */ = {isa = PBXFileReference; lastKnownFileType = sourcecode.c.h; path = "TestLoader-Prefix.pch"; sourceTree = "<group>"; };
		22992BD2185F6D9A002E6E76 /* SHAppDelegate.h */ = {isa = PBXFileReference; lastKnownFileType = sourcecode.c.h; path = SHAppDelegate.h; sourceTree = "<group>"; };
		22992BD3185F6D9B002E6E76 /* SHAppDelegate.m */ = {isa = PBXFileReference; lastKnownFileType = sourcecode.c.objc; path = SHAppDelegate.m; sourceTree = "<group>"; };
		22992BD5185F6D9B002E6E76 /* Images.xcassets */ = {isa = PBXFileReference; lastKnownFileType = folder.assetcatalog; path = Images.xcassets; sourceTree = "<group>"; };
		22992BF3185F6DBF002E6E76 /* Tests.xctest */ = {isa = PBXFileReference; explicitFileType = wrapper.cfbundle; includeInIndex = 0; path = Tests.xctest; sourceTree = BUILT_PRODUCTS_DIR; };
		22992BF9185F6DBF002E6E76 /* Tests-Info.plist */ = {isa = PBXFileReference; lastKnownFileType = text.plist.xml; path = "Tests-Info.plist"; sourceTree = "<group>"; };
		22992BFB185F6DBF002E6E76 /* en */ = {isa = PBXFileReference; lastKnownFileType = text.plist.strings; name = en; path = en.lproj/InfoPlist.strings; sourceTree = "<group>"; };
		22992BFF185F6DBF002E6E76 /* Tests-Prefix.pch */ = {isa = PBXFileReference; lastKnownFileType = sourcecode.c.h; path = "Tests-Prefix.pch"; sourceTree = "<group>"; };
		22992C05185F6F19002E6E76 /* SHActionSheetBlocksCallbacks.m */ = {isa = PBXFileReference; fileEncoding = 4; lastKnownFileType = sourcecode.c.objc; path = SHActionSheetBlocksCallbacks.m; sourceTree = "<group>"; };
		22992C06185F6F19002E6E76 /* SHActionSheetBlocksCallbacksIntegration.m */ = {isa = PBXFileReference; fileEncoding = 4; lastKnownFileType = sourcecode.c.objc; path = SHActionSheetBlocksCallbacksIntegration.m; sourceTree = "<group>"; };
		22992C07185F6F19002E6E76 /* SHActionSheetBlocksOldTests.m */ = {isa = PBXFileReference; fileEncoding = 4; lastKnownFileType = sourcecode.c.objc; path = SHActionSheetBlocksOldTests.m; sourceTree = "<group>"; };
		22992C08185F6F19002E6E76 /* SHActionSheetBlocksSelectors.m */ = {isa = PBXFileReference; fileEncoding = 4; lastKnownFileType = sourcecode.c.objc; path = SHActionSheetBlocksSelectors.m; sourceTree = "<group>"; };
		22992C09185F6F19002E6E76 /* SHActionSheetBlocksSuper.h */ = {isa = PBXFileReference; fileEncoding = 4; lastKnownFileType = sourcecode.c.h; path = SHActionSheetBlocksSuper.h; sourceTree = "<group>"; };
		22992C0A185F6F19002E6E76 /* SHActionSheetBlocksSuper.m */ = {isa = PBXFileReference; fileEncoding = 4; lastKnownFileType = sourcecode.c.objc; path = SHActionSheetBlocksSuper.m; sourceTree = "<group>"; };
		22992C10185F6F9F002E6E76 /* SHAppDelegate.h */ = {isa = PBXFileReference; fileEncoding = 4; lastKnownFileType = sourcecode.c.h; path = SHAppDelegate.h; sourceTree = "<group>"; };
		22992C11185F6F9F002E6E76 /* SHAppDelegate.m */ = {isa = PBXFileReference; fileEncoding = 4; lastKnownFileType = sourcecode.c.objc; path = SHAppDelegate.m; sourceTree = "<group>"; };
		22992C12185F6F9F002E6E76 /* SHSecondViewController.h */ = {isa = PBXFileReference; fileEncoding = 4; lastKnownFileType = sourcecode.c.h; path = SHSecondViewController.h; sourceTree = "<group>"; };
		22992C13185F6F9F002E6E76 /* SHSecondViewController.m */ = {isa = PBXFileReference; fileEncoding = 4; lastKnownFileType = sourcecode.c.objc; path = SHSecondViewController.m; sourceTree = "<group>"; };
		22992C14185F6F9F002E6E76 /* SHViewController.h */ = {isa = PBXFileReference; fileEncoding = 4; lastKnownFileType = sourcecode.c.h; path = SHViewController.h; sourceTree = "<group>"; };
		22992C15185F6F9F002E6E76 /* SHViewController.m */ = {isa = PBXFileReference; fileEncoding = 4; lastKnownFileType = sourcecode.c.objc; path = SHViewController.m; sourceTree = "<group>"; };
		22992C19185F6FA8002E6E76 /* Main.storyboard */ = {isa = PBXFileReference; fileEncoding = 4; lastKnownFileType = file.storyboard; path = Main.storyboard; sourceTree = "<group>"; };
		229FA458185DFD6200483903 /* Sample.app */ = {isa = PBXFileReference; explicitFileType = wrapper.application; includeInIndex = 0; path = Sample.app; sourceTree = BUILT_PRODUCTS_DIR; };
		229FA45B185DFD6200483903 /* Foundation.framework */ = {isa = PBXFileReference; lastKnownFileType = wrapper.framework; name = Foundation.framework; path = System/Library/Frameworks/Foundation.framework; sourceTree = SDKROOT; };
		229FA45D185DFD6200483903 /* CoreGraphics.framework */ = {isa = PBXFileReference; lastKnownFileType = wrapper.framework; name = CoreGraphics.framework; path = System/Library/Frameworks/CoreGraphics.framework; sourceTree = SDKROOT; };
		229FA45F185DFD6200483903 /* UIKit.framework */ = {isa = PBXFileReference; lastKnownFileType = wrapper.framework; name = UIKit.framework; path = System/Library/Frameworks/UIKit.framework; sourceTree = SDKROOT; };
		229FA463185DFD6200483903 /* Sample-Info.plist */ = {isa = PBXFileReference; lastKnownFileType = text.plist.xml; path = "Sample-Info.plist"; sourceTree = "<group>"; };
		229FA465185DFD6200483903 /* en */ = {isa = PBXFileReference; lastKnownFileType = text.plist.strings; name = en; path = en.lproj/InfoPlist.strings; sourceTree = "<group>"; };
		229FA467185DFD6200483903 /* main.m */ = {isa = PBXFileReference; lastKnownFileType = sourcecode.c.objc; path = main.m; sourceTree = "<group>"; };
		229FA469185DFD6200483903 /* Sample-Prefix.pch */ = {isa = PBXFileReference; lastKnownFileType = sourcecode.c.h; path = "Sample-Prefix.pch"; sourceTree = "<group>"; };
		229FA473185DFD6200483903 /* Images.xcassets */ = {isa = PBXFileReference; lastKnownFileType = folder.assetcatalog; path = Images.xcassets; sourceTree = "<group>"; };
		229FA47A185DFD6200483903 /* XCTest.framework */ = {isa = PBXFileReference; lastKnownFileType = wrapper.framework; name = XCTest.framework; path = Library/Frameworks/XCTest.framework; sourceTree = DEVELOPER_DIR; };
		322EBA924E584B01A2B29ACF /* Pods-Sample.xcconfig */ = {isa = PBXFileReference; includeInIndex = 1; lastKnownFileType = text.xcconfig; name = "Pods-Sample.xcconfig"; path = "Pods/Pods-Sample.xcconfig"; sourceTree = "<group>"; };
		A035CE7E16DC4EE5BA41867D /* libPods.a */ = {isa = PBXFileReference; explicitFileType = archive.ar; includeInIndex = 0; path = libPods.a; sourceTree = BUILT_PRODUCTS_DIR; };
		FDAFF34EF0D8433BB37C06EB /* libPods-Sample.a */ = {isa = PBXFileReference; explicitFileType = archive.ar; includeInIndex = 0; path = "libPods-Sample.a"; sourceTree = BUILT_PRODUCTS_DIR; };
/* End PBXFileReference section */

/* Begin PBXFrameworksBuildPhase section */
		22992BC2185F6D9A002E6E76 /* Frameworks */ = {
			isa = PBXFrameworksBuildPhase;
			buildActionMask = 2147483647;
			files = (
				22992BC7185F6D9A002E6E76 /* CoreGraphics.framework in Frameworks */,
				22992BC8185F6D9A002E6E76 /* UIKit.framework in Frameworks */,
				22992BC6185F6D9A002E6E76 /* Foundation.framework in Frameworks */,
			);
			runOnlyForDeploymentPostprocessing = 0;
		};
		22992BF0185F6DBF002E6E76 /* Frameworks */ = {
			isa = PBXFrameworksBuildPhase;
			buildActionMask = 2147483647;
			files = (
				22992BF4185F6DBF002E6E76 /* XCTest.framework in Frameworks */,
				22992BF6185F6DBF002E6E76 /* UIKit.framework in Frameworks */,
				22992BF5185F6DBF002E6E76 /* Foundation.framework in Frameworks */,
				D601D487425D46F3A92CAD40 /* libPods.a in Frameworks */,
				92814C377A2E41A0AD3541F4 /* libPods-Tests.a in Frameworks */,
			);
			runOnlyForDeploymentPostprocessing = 0;
		};
		229FA455185DFD6200483903 /* Frameworks */ = {
			isa = PBXFrameworksBuildPhase;
			buildActionMask = 2147483647;
			files = (
				229FA45E185DFD6200483903 /* CoreGraphics.framework in Frameworks */,
				229FA460185DFD6200483903 /* UIKit.framework in Frameworks */,
				229FA45C185DFD6200483903 /* Foundation.framework in Frameworks */,
				7E4568FB8B5E48EDA89B9051 /* libPods.a in Frameworks */,
				0D20F2B298A14AB99D5D52BE /* libPods-Sample.a in Frameworks */,
			);
			runOnlyForDeploymentPostprocessing = 0;
		};
/* End PBXFrameworksBuildPhase section */

/* Begin PBXGroup section */
		22992BC9185F6D9A002E6E76 /* TestLoader */ = {
			isa = PBXGroup;
			children = (
				22992BD2185F6D9A002E6E76 /* SHAppDelegate.h */,
				22992BD3185F6D9B002E6E76 /* SHAppDelegate.m */,
				22992BD5185F6D9B002E6E76 /* Images.xcassets */,
				22992BCA185F6D9A002E6E76 /* Supporting Files */,
			);
			path = TestLoader;
			sourceTree = "<group>";
		};
		22992BCA185F6D9A002E6E76 /* Supporting Files */ = {
			isa = PBXGroup;
			children = (
				22992BCB185F6D9A002E6E76 /* TestLoader-Info.plist */,
				22992BCC185F6D9A002E6E76 /* InfoPlist.strings */,
				22992BCF185F6D9A002E6E76 /* main.m */,
				22992BD1185F6D9A002E6E76 /* TestLoader-Prefix.pch */,
			);
			name = "Supporting Files";
			sourceTree = "<group>";
		};
		22992BF7185F6DBF002E6E76 /* Tests */ = {
			isa = PBXGroup;
			children = (
				22992C05185F6F19002E6E76 /* SHActionSheetBlocksCallbacks.m */,
				22992C06185F6F19002E6E76 /* SHActionSheetBlocksCallbacksIntegration.m */,
				22992C07185F6F19002E6E76 /* SHActionSheetBlocksOldTests.m */,
				22992C08185F6F19002E6E76 /* SHActionSheetBlocksSelectors.m */,
				22992C09185F6F19002E6E76 /* SHActionSheetBlocksSuper.h */,
				22992C0A185F6F19002E6E76 /* SHActionSheetBlocksSuper.m */,
				22992BF8185F6DBF002E6E76 /* Supporting Files */,
			);
			path = Tests;
			sourceTree = "<group>";
		};
		22992BF8185F6DBF002E6E76 /* Supporting Files */ = {
			isa = PBXGroup;
			children = (
				22992BF9185F6DBF002E6E76 /* Tests-Info.plist */,
				22992BFA185F6DBF002E6E76 /* InfoPlist.strings */,
				22992BFF185F6DBF002E6E76 /* Tests-Prefix.pch */,
			);
			name = "Supporting Files";
			sourceTree = "<group>";
		};
		229FA44F185DFD6200483903 = {
			isa = PBXGroup;
			children = (
				229FA461185DFD6200483903 /* Sample */,
				22992BC9185F6D9A002E6E76 /* TestLoader */,
				22992BF7185F6DBF002E6E76 /* Tests */,
				229FA45A185DFD6200483903 /* Frameworks */,
				229FA459185DFD6200483903 /* Products */,
				18D2134F98F14C11B6D1FDB8 /* Pods.xcconfig */,
				322EBA924E584B01A2B29ACF /* Pods-Sample.xcconfig */,
				0747CB44CAA24BA1B127F5A2 /* Pods-Tests.xcconfig */,
			);
			sourceTree = "<group>";
		};
		229FA459185DFD6200483903 /* Products */ = {
			isa = PBXGroup;
			children = (
				229FA458185DFD6200483903 /* Sample.app */,
				22992BC5185F6D9A002E6E76 /* TestLoader.app */,
				22992BF3185F6DBF002E6E76 /* Tests.xctest */,
			);
			name = Products;
			sourceTree = "<group>";
		};
		229FA45A185DFD6200483903 /* Frameworks */ = {
			isa = PBXGroup;
			children = (
				229FA45B185DFD6200483903 /* Foundation.framework */,
				229FA45D185DFD6200483903 /* CoreGraphics.framework */,
				229FA45F185DFD6200483903 /* UIKit.framework */,
				229FA47A185DFD6200483903 /* XCTest.framework */,
				A035CE7E16DC4EE5BA41867D /* libPods.a */,
				107CDB3332CF4A5BA1D4431E /* libPods-LibraryTests.a */,
				FDAFF34EF0D8433BB37C06EB /* libPods-Sample.a */,
				2060B4E2CBEB4246982F6D14 /* libPods-Tests.a */,
			);
			name = Frameworks;
			sourceTree = "<group>";
		};
		229FA461185DFD6200483903 /* Sample */ = {
			isa = PBXGroup;
			children = (
				22992C19185F6FA8002E6E76 /* Main.storyboard */,
				22992C10185F6F9F002E6E76 /* SHAppDelegate.h */,
				22992C11185F6F9F002E6E76 /* SHAppDelegate.m */,
				22992C12185F6F9F002E6E76 /* SHSecondViewController.h */,
				22992C13185F6F9F002E6E76 /* SHSecondViewController.m */,
				22992C14185F6F9F002E6E76 /* SHViewController.h */,
				22992C15185F6F9F002E6E76 /* SHViewController.m */,
				229FA473185DFD6200483903 /* Images.xcassets */,
				229FA462185DFD6200483903 /* Supporting Files */,
			);
			path = Sample;
			sourceTree = "<group>";
		};
		229FA462185DFD6200483903 /* Supporting Files */ = {
			isa = PBXGroup;
			children = (
				229FA463185DFD6200483903 /* Sample-Info.plist */,
				229FA464185DFD6200483903 /* InfoPlist.strings */,
				229FA467185DFD6200483903 /* main.m */,
				229FA469185DFD6200483903 /* Sample-Prefix.pch */,
			);
			name = "Supporting Files";
			sourceTree = "<group>";
		};
/* End PBXGroup section */

/* Begin PBXNativeTarget section */
		22992BC4185F6D9A002E6E76 /* TestLoader */ = {
			isa = PBXNativeTarget;
			buildConfigurationList = 22992BE9185F6D9B002E6E76 /* Build configuration list for PBXNativeTarget "TestLoader" */;
			buildPhases = (
				22992BC1185F6D9A002E6E76 /* Sources */,
				22992BC2185F6D9A002E6E76 /* Frameworks */,
				22992BC3185F6D9A002E6E76 /* Resources */,
			);
			buildRules = (
			);
			dependencies = (
			);
			name = TestLoader;
			productName = TestLoader;
			productReference = 22992BC5185F6D9A002E6E76 /* TestLoader.app */;
			productType = "com.apple.product-type.application";
		};
		22992BF2185F6DBF002E6E76 /* Tests */ = {
			isa = PBXNativeTarget;
			buildConfigurationList = 22992C02185F6DC0002E6E76 /* Build configuration list for PBXNativeTarget "Tests" */;
			buildPhases = (
				2973A4C57F6F4B12A8C31078 /* Check Pods Manifest.lock */,
				22992BEF185F6DBF002E6E76 /* Sources */,
				22992BF0185F6DBF002E6E76 /* Frameworks */,
				22992BF1185F6DBF002E6E76 /* Resources */,
				656D090677274812A802E7D2 /* Copy Pods Resources */,
			);
			buildRules = (
			);
			dependencies = (
				22992C01185F6DBF002E6E76 /* PBXTargetDependency */,
			);
			name = Tests;
			productName = Tests;
			productReference = 22992BF3185F6DBF002E6E76 /* Tests.xctest */;
			productType = "com.apple.product-type.bundle.unit-test";
		};
		229FA457185DFD6200483903 /* Sample */ = {
			isa = PBXNativeTarget;
			buildConfigurationList = 229FA48A185DFD6200483903 /* Build configuration list for PBXNativeTarget "Sample" */;
			buildPhases = (
				E80C0DC47BE9444B97A7A5EE /* Check Pods Manifest.lock */,
				229FA454185DFD6200483903 /* Sources */,
				229FA455185DFD6200483903 /* Frameworks */,
				229FA456185DFD6200483903 /* Resources */,
				C427D6D134834AB493BEC6CB /* Copy Pods Resources */,
			);
			buildRules = (
			);
			dependencies = (
			);
			name = Sample;
			productName = Sample;
			productReference = 229FA458185DFD6200483903 /* Sample.app */;
			productType = "com.apple.product-type.application";
		};
/* End PBXNativeTarget section */

/* Begin PBXProject section */
		229FA450185DFD6200483903 /* Project object */ = {
			isa = PBXProject;
			attributes = {
				CLASSPREFIX = SH;
				LastUpgradeCheck = 0500;
				ORGANIZATIONNAME = Seivan;
				TargetAttributes = {
					22992BF2185F6DBF002E6E76 = {
						TestTargetID = 22992BC4185F6D9A002E6E76;
					};
				};
			};
			buildConfigurationList = 229FA453185DFD6200483903 /* Build configuration list for PBXProject "Sample" */;
			compatibilityVersion = "Xcode 3.2";
			developmentRegion = English;
			hasScannedForEncodings = 0;
			knownRegions = (
				en,
				Base,
			);
			mainGroup = 229FA44F185DFD6200483903;
			productRefGroup = 229FA459185DFD6200483903 /* Products */;
			projectDirPath = "";
			projectRoot = "";
			targets = (
				229FA457185DFD6200483903 /* Sample */,
				22992BC4185F6D9A002E6E76 /* TestLoader */,
				22992BF2185F6DBF002E6E76 /* Tests */,
			);
		};
/* End PBXProject section */

/* Begin PBXResourcesBuildPhase section */
		22992BC3185F6D9A002E6E76 /* Resources */ = {
			isa = PBXResourcesBuildPhase;
			buildActionMask = 2147483647;
			files = (
				22992BCE185F6D9A002E6E76 /* InfoPlist.strings in Resources */,
				22992BD6185F6D9B002E6E76 /* Images.xcassets in Resources */,
			);
			runOnlyForDeploymentPostprocessing = 0;
		};
		22992BF1185F6DBF002E6E76 /* Resources */ = {
			isa = PBXResourcesBuildPhase;
			buildActionMask = 2147483647;
			files = (
				22992BFC185F6DBF002E6E76 /* InfoPlist.strings in Resources */,
			);
			runOnlyForDeploymentPostprocessing = 0;
		};
		229FA456185DFD6200483903 /* Resources */ = {
			isa = PBXResourcesBuildPhase;
			buildActionMask = 2147483647;
			files = (
				22992C1A185F6FA8002E6E76 /* Main.storyboard in Resources */,
				229FA474185DFD6200483903 /* Images.xcassets in Resources */,
				229FA466185DFD6200483903 /* InfoPlist.strings in Resources */,
			);
			runOnlyForDeploymentPostprocessing = 0;
		};
/* End PBXResourcesBuildPhase section */

/* Begin PBXShellScriptBuildPhase section */
		2973A4C57F6F4B12A8C31078 /* Check Pods Manifest.lock */ = {
			isa = PBXShellScriptBuildPhase;
			buildActionMask = 2147483647;
			files = (
			);
			inputPaths = (
			);
			name = "Check Pods Manifest.lock";
			outputPaths = (
			);
			runOnlyForDeploymentPostprocessing = 0;
			shellPath = /bin/sh;
			shellScript = "diff \"${PODS_ROOT}/../Podfile.lock\" \"${PODS_ROOT}/Manifest.lock\" > /dev/null\nif [[ $? != 0 ]] ; then\n    cat << EOM\nerror: The sandbox is not in sync with the Podfile.lock. Run 'pod install' or update your CocoaPods installation.\nEOM\n    exit 1\nfi\n";
			showEnvVarsInLog = 0;
		};
		656D090677274812A802E7D2 /* Copy Pods Resources */ = {
			isa = PBXShellScriptBuildPhase;
			buildActionMask = 2147483647;
			files = (
			);
			inputPaths = (
			);
			name = "Copy Pods Resources";
			outputPaths = (
			);
			runOnlyForDeploymentPostprocessing = 0;
			shellPath = /bin/sh;
			shellScript = "\"${SRCROOT}/Pods/Pods-Tests-resources.sh\"\n";
			showEnvVarsInLog = 0;
		};
		C427D6D134834AB493BEC6CB /* Copy Pods Resources */ = {
			isa = PBXShellScriptBuildPhase;
			buildActionMask = 2147483647;
			files = (
			);
			inputPaths = (
			);
			name = "Copy Pods Resources";
			outputPaths = (
			);
			runOnlyForDeploymentPostprocessing = 0;
			shellPath = /bin/sh;
			shellScript = "\"${SRCROOT}/Pods/Pods-Sample-resources.sh\"\n";
			showEnvVarsInLog = 0;
		};
		E80C0DC47BE9444B97A7A5EE /* Check Pods Manifest.lock */ = {
			isa = PBXShellScriptBuildPhase;
			buildActionMask = 2147483647;
			files = (
			);
			inputPaths = (
			);
			name = "Check Pods Manifest.lock";
			outputPaths = (
			);
			runOnlyForDeploymentPostprocessing = 0;
			shellPath = /bin/sh;
			shellScript = "diff \"${PODS_ROOT}/../Podfile.lock\" \"${PODS_ROOT}/Manifest.lock\" > /dev/null\nif [[ $? != 0 ]] ; then\n    cat << EOM\nerror: The sandbox is not in sync with the Podfile.lock. Run 'pod install' or update your CocoaPods installation.\nEOM\n    exit 1\nfi\n";
			showEnvVarsInLog = 0;
		};
/* End PBXShellScriptBuildPhase section */

/* Begin PBXSourcesBuildPhase section */
		22992BC1185F6D9A002E6E76 /* Sources */ = {
			isa = PBXSourcesBuildPhase;
			buildActionMask = 2147483647;
			files = (
				22992BD0185F6D9A002E6E76 /* main.m in Sources */,
				22992BD4185F6D9B002E6E76 /* SHAppDelegate.m in Sources */,
			);
			runOnlyForDeploymentPostprocessing = 0;
		};
		22992BEF185F6DBF002E6E76 /* Sources */ = {
			isa = PBXSourcesBuildPhase;
			buildActionMask = 2147483647;
			files = (
				22992C0D185F6F19002E6E76 /* SHActionSheetBlocksOldTests.m in Sources */,
				22992C0E185F6F19002E6E76 /* SHActionSheetBlocksSelectors.m in Sources */,
				22992C0F185F6F19002E6E76 /* SHActionSheetBlocksSuper.m in Sources */,
				22992C0C185F6F19002E6E76 /* SHActionSheetBlocksCallbacksIntegration.m in Sources */,
				22992C0B185F6F19002E6E76 /* SHActionSheetBlocksCallbacks.m in Sources */,
			);
			runOnlyForDeploymentPostprocessing = 0;
		};
		229FA454185DFD6200483903 /* Sources */ = {
			isa = PBXSourcesBuildPhase;
			buildActionMask = 2147483647;
			files = (
				229FA468185DFD6200483903 /* main.m in Sources */,
				22992C16185F6F9F002E6E76 /* SHAppDelegate.m in Sources */,
				22992C17185F6F9F002E6E76 /* SHSecondViewController.m in Sources */,
				22992C18185F6F9F002E6E76 /* SHViewController.m in Sources */,
			);
			runOnlyForDeploymentPostprocessing = 0;
		};
/* End PBXSourcesBuildPhase section */

/* Begin PBXTargetDependency section */
		22992C01185F6DBF002E6E76 /* PBXTargetDependency */ = {
			isa = PBXTargetDependency;
			target = 22992BC4185F6D9A002E6E76 /* TestLoader */;
			targetProxy = 22992C00185F6DBF002E6E76 /* PBXContainerItemProxy */;
		};
/* End PBXTargetDependency section */

/* Begin PBXVariantGroup section */
		22992BCC185F6D9A002E6E76 /* InfoPlist.strings */ = {
			isa = PBXVariantGroup;
			children = (
				22992BCD185F6D9A002E6E76 /* en */,
			);
			name = InfoPlist.strings;
			sourceTree = "<group>";
		};
		22992BFA185F6DBF002E6E76 /* InfoPlist.strings */ = {
			isa = PBXVariantGroup;
			children = (
				22992BFB185F6DBF002E6E76 /* en */,
			);
			name = InfoPlist.strings;
			sourceTree = "<group>";
		};
		229FA464185DFD6200483903 /* InfoPlist.strings */ = {
			isa = PBXVariantGroup;
			children = (
				229FA465185DFD6200483903 /* en */,
			);
			name = InfoPlist.strings;
			sourceTree = "<group>";
		};
/* End PBXVariantGroup section */

/* Begin XCBuildConfiguration section */
		22992BEA185F6D9B002E6E76 /* Debug */ = {
			isa = XCBuildConfiguration;
			buildSettings = {
				ARCHS = "$(ARCHS_STANDARD_INCLUDING_64_BIT)";
				ASSETCATALOG_COMPILER_APPICON_NAME = AppIcon;
				ASSETCATALOG_COMPILER_LAUNCHIMAGE_NAME = LaunchImage;
				GCC_PRECOMPILE_PREFIX_HEADER = YES;
				GCC_PREFIX_HEADER = "TestLoader/TestLoader-Prefix.pch";
				GCC_PREPROCESSOR_DEFINITIONS = (
					"DEBUG=1",
					"$(inherited)",
				);
				INFOPLIST_FILE = "TestLoader/TestLoader-Info.plist";
				PRODUCT_NAME = "$(TARGET_NAME)";
				WRAPPER_EXTENSION = app;
			};
			name = Debug;
		};
		22992BEB185F6D9B002E6E76 /* Release */ = {
			isa = XCBuildConfiguration;
			buildSettings = {
				ARCHS = "$(ARCHS_STANDARD_INCLUDING_64_BIT)";
				ASSETCATALOG_COMPILER_APPICON_NAME = AppIcon;
				ASSETCATALOG_COMPILER_LAUNCHIMAGE_NAME = LaunchImage;
				GCC_PRECOMPILE_PREFIX_HEADER = YES;
				GCC_PREFIX_HEADER = "TestLoader/TestLoader-Prefix.pch";
				INFOPLIST_FILE = "TestLoader/TestLoader-Info.plist";
				PRODUCT_NAME = "$(TARGET_NAME)";
				WRAPPER_EXTENSION = app;
			};
			name = Release;
		};
		22992C03185F6DC0002E6E76 /* Debug */ = {
			isa = XCBuildConfiguration;
			baseConfigurationReference = 0747CB44CAA24BA1B127F5A2 /* Pods-Tests.xcconfig */;
			buildSettings = {
				ARCHS = "$(ARCHS_STANDARD_INCLUDING_64_BIT)";
				BUNDLE_LOADER = "$(BUILT_PRODUCTS_DIR)/TestLoader.app/TestLoader";
				FRAMEWORK_SEARCH_PATHS = (
					"$(SDKROOT)/Developer/Library/Frameworks",
					"$(inherited)",
					"$(DEVELOPER_FRAMEWORKS_DIR)",
				);
				GCC_PRECOMPILE_PREFIX_HEADER = YES;
				GCC_PREFIX_HEADER = "Tests/Tests-Prefix.pch";
				GCC_PREPROCESSOR_DEFINITIONS = (
					"DEBUG=1",
					"$(inherited)",
				);
				INFOPLIST_FILE = "Tests/Tests-Info.plist";
				PRODUCT_NAME = "$(TARGET_NAME)";
				TEST_HOST = "$(BUNDLE_LOADER)";
				WRAPPER_EXTENSION = xctest;
			};
			name = Debug;
		};
		22992C04185F6DC0002E6E76 /* Release */ = {
			isa = XCBuildConfiguration;
			baseConfigurationReference = 0747CB44CAA24BA1B127F5A2 /* Pods-Tests.xcconfig */;
			buildSettings = {
				ARCHS = "$(ARCHS_STANDARD_INCLUDING_64_BIT)";
				BUNDLE_LOADER = "$(BUILT_PRODUCTS_DIR)/TestLoader.app/TestLoader";
				FRAMEWORK_SEARCH_PATHS = (
					"$(SDKROOT)/Developer/Library/Frameworks",
					"$(inherited)",
					"$(DEVELOPER_FRAMEWORKS_DIR)",
				);
				GCC_PRECOMPILE_PREFIX_HEADER = YES;
				GCC_PREFIX_HEADER = "Tests/Tests-Prefix.pch";
				INFOPLIST_FILE = "Tests/Tests-Info.plist";
				PRODUCT_NAME = "$(TARGET_NAME)";
				TEST_HOST = "$(BUNDLE_LOADER)";
				WRAPPER_EXTENSION = xctest;
			};
			name = Release;
		};
		229FA488185DFD6200483903 /* Debug */ = {
			isa = XCBuildConfiguration;
			buildSettings = {
				ALWAYS_SEARCH_USER_PATHS = NO;
				ARCHS = "$(ARCHS_STANDARD_INCLUDING_64_BIT)";
				CLANG_CXX_LANGUAGE_STANDARD = "gnu++0x";
				CLANG_CXX_LIBRARY = "libc++";
				CLANG_ENABLE_MODULES = YES;
				CLANG_ENABLE_OBJC_ARC = YES;
				CLANG_WARN_BOOL_CONVERSION = YES;
				CLANG_WARN_CONSTANT_CONVERSION = YES;
				CLANG_WARN_DIRECT_OBJC_ISA_USAGE = YES_ERROR;
				CLANG_WARN_EMPTY_BODY = YES;
				CLANG_WARN_ENUM_CONVERSION = YES;
				CLANG_WARN_INT_CONVERSION = YES;
				CLANG_WARN_OBJC_ROOT_CLASS = YES_ERROR;
				CLANG_WARN__DUPLICATE_METHOD_MATCH = YES;
				"CODE_SIGN_IDENTITY[sdk=iphoneos*]" = "iPhone Developer";
				COPY_PHASE_STRIP = NO;
				GCC_C_LANGUAGE_STANDARD = gnu99;
				GCC_DYNAMIC_NO_PIC = NO;
				GCC_OPTIMIZATION_LEVEL = 0;
				GCC_PREPROCESSOR_DEFINITIONS = (
					"DEBUG=1",
					"$(inherited)",
				);
				GCC_SYMBOLS_PRIVATE_EXTERN = NO;
				GCC_WARN_64_TO_32_BIT_CONVERSION = YES;
				GCC_WARN_ABOUT_RETURN_TYPE = YES_ERROR;
				GCC_WARN_UNDECLARED_SELECTOR = YES;
				GCC_WARN_UNINITIALIZED_AUTOS = YES;
				GCC_WARN_UNUSED_FUNCTION = YES;
				GCC_WARN_UNUSED_VARIABLE = YES;
				IPHONEOS_DEPLOYMENT_TARGET = 7.0;
				ONLY_ACTIVE_ARCH = YES;
				SDKROOT = iphoneos;
			};
			name = Debug;
		};
		229FA489185DFD6200483903 /* Release */ = {
			isa = XCBuildConfiguration;
			buildSettings = {
				ALWAYS_SEARCH_USER_PATHS = NO;
				ARCHS = "$(ARCHS_STANDARD_INCLUDING_64_BIT)";
				CLANG_CXX_LANGUAGE_STANDARD = "gnu++0x";
				CLANG_CXX_LIBRARY = "libc++";
				CLANG_ENABLE_MODULES = YES;
				CLANG_ENABLE_OBJC_ARC = YES;
				CLANG_WARN_BOOL_CONVERSION = YES;
				CLANG_WARN_CONSTANT_CONVERSION = YES;
				CLANG_WARN_DIRECT_OBJC_ISA_USAGE = YES_ERROR;
				CLANG_WARN_EMPTY_BODY = YES;
				CLANG_WARN_ENUM_CONVERSION = YES;
				CLANG_WARN_INT_CONVERSION = YES;
				CLANG_WARN_OBJC_ROOT_CLASS = YES_ERROR;
				CLANG_WARN__DUPLICATE_METHOD_MATCH = YES;
				"CODE_SIGN_IDENTITY[sdk=iphoneos*]" = "iPhone Developer";
				COPY_PHASE_STRIP = YES;
				ENABLE_NS_ASSERTIONS = NO;
				GCC_C_LANGUAGE_STANDARD = gnu99;
				GCC_WARN_64_TO_32_BIT_CONVERSION = YES;
				GCC_WARN_ABOUT_RETURN_TYPE = YES_ERROR;
				GCC_WARN_UNDECLARED_SELECTOR = YES;
				GCC_WARN_UNINITIALIZED_AUTOS = YES;
				GCC_WARN_UNUSED_FUNCTION = YES;
				GCC_WARN_UNUSED_VARIABLE = YES;
				IPHONEOS_DEPLOYMENT_TARGET = 7.0;
				SDKROOT = iphoneos;
				VALIDATE_PRODUCT = YES;
			};
			name = Release;
		};
		229FA48B185DFD6200483903 /* Debug */ = {
			isa = XCBuildConfiguration;
			baseConfigurationReference = 322EBA924E584B01A2B29ACF /* Pods-Sample.xcconfig */;
			buildSettings = {
				ASSETCATALOG_COMPILER_APPICON_NAME = AppIcon;
				ASSETCATALOG_COMPILER_LAUNCHIMAGE_NAME = LaunchImage;
				GCC_PRECOMPILE_PREFIX_HEADER = YES;
				GCC_PREFIX_HEADER = "Sample/Sample-Prefix.pch";
				INFOPLIST_FILE = "Sample/Sample-Info.plist";
				PRODUCT_NAME = "$(TARGET_NAME)";
				WRAPPER_EXTENSION = app;
			};
			name = Debug;
		};
		229FA48C185DFD6200483903 /* Release */ = {
			isa = XCBuildConfiguration;
			baseConfigurationReference = 322EBA924E584B01A2B29ACF /* Pods-Sample.xcconfig */;
			buildSettings = {
				ASSETCATALOG_COMPILER_APPICON_NAME = AppIcon;
				ASSETCATALOG_COMPILER_LAUNCHIMAGE_NAME = LaunchImage;
				GCC_PRECOMPILE_PREFIX_HEADER = YES;
				GCC_PREFIX_HEADER = "Sample/Sample-Prefix.pch";
				INFOPLIST_FILE = "Sample/Sample-Info.plist";
				PRODUCT_NAME = "$(TARGET_NAME)";
				WRAPPER_EXTENSION = app;
			};
			name = Release;
		};
/* End XCBuildConfiguration section */

/* Begin XCConfigurationList section */
		22992BE9185F6D9B002E6E76 /* Build configuration list for PBXNativeTarget "TestLoader" */ = {
			isa = XCConfigurationList;
			buildConfigurations = (
				22992BEA185F6D9B002E6E76 /* Debug */,
				22992BEB185F6D9B002E6E76 /* Release */,
			);
			defaultConfigurationIsVisible = 0;
			defaultConfigurationName = Release;
		};
		22992C02185F6DC0002E6E76 /* Build configuration list for PBXNativeTarget "Tests" */ = {
			isa = XCConfigurationList;
			buildConfigurations = (
				22992C03185F6DC0002E6E76 /* Debug */,
				22992C04185F6DC0002E6E76 /* Release */,
			);
			defaultConfigurationIsVisible = 0;
			defaultConfigurationName = Release;
		};
		229FA453185DFD6200483903 /* Build configuration list for PBXProject "Sample" */ = {
			isa = XCConfigurationList;
			buildConfigurations = (
				229FA488185DFD6200483903 /* Debug */,
				229FA489185DFD6200483903 /* Release */,
			);
			defaultConfigurationIsVisible = 0;
			defaultConfigurationName = Release;
		};
		229FA48A185DFD6200483903 /* Build configuration list for PBXNativeTarget "Sample" */ = {
			isa = XCConfigurationList;
			buildConfigurations = (
				229FA48B185DFD6200483903 /* Debug */,
				229FA48C185DFD6200483903 /* Release */,
			);
			defaultConfigurationIsVisible = 0;
			defaultConfigurationName = Release;
		};
/* End XCConfigurationList section */
	};
	rootObject = 229FA450185DFD6200483903 /* Project object */;
}
